// !$*UTF8*$!
{
	archiveVersion = 1;
	classes = {
	};
	objectVersion = 46;
	objects = {

/* Begin PBXBuildFile section */
		B6E8DD411DAC78D1008CF568 /* AppDelegate.swift in Sources */ = {isa = PBXBuildFile; fileRef = B6E8DD401DAC78D1008CF568 /* AppDelegate.swift */; };
		B6E8DD431DAC78D1008CF568 /* ViewController.swift in Sources */ = {isa = PBXBuildFile; fileRef = B6E8DD421DAC78D1008CF568 /* ViewController.swift */; };
		B6E8DD461DAC78D1008CF568 /* Main.storyboard in Resources */ = {isa = PBXBuildFile; fileRef = B6E8DD441DAC78D1008CF568 /* Main.storyboard */; };
		B6E8DD481DAC78D1008CF568 /* Assets.xcassets in Resources */ = {isa = PBXBuildFile; fileRef = B6E8DD471DAC78D1008CF568 /* Assets.xcassets */; };
		B6E8DD4B1DAC78D1008CF568 /* LaunchScreen.storyboard in Resources */ = {isa = PBXBuildFile; fileRef = B6E8DD491DAC78D1008CF568 /* LaunchScreen.storyboard */; };
		B6E8DD561DAC78D1008CF568 /* RespondChainTests.swift in Sources */ = {isa = PBXBuildFile; fileRef = B6E8DD551DAC78D1008CF568 /* RespondChainTests.swift */; };
		B6E8DD611DAC78D1008CF568 /* RespondChainUITests.swift in Sources */ = {isa = PBXBuildFile; fileRef = B6E8DD601DAC78D1008CF568 /* RespondChainUITests.swift */; };
		B6E8DD6F1DAC79A3008CF568 /* MyView.swift in Sources */ = {isa = PBXBuildFile; fileRef = B6E8DD6E1DAC79A3008CF568 /* MyView.swift */; };
/* End PBXBuildFile section */

/* Begin PBXContainerItemProxy section */
		B6E8DD521DAC78D1008CF568 /* PBXContainerItemProxy */ = {
			isa = PBXContainerItemProxy;
			containerPortal = B6E8DD351DAC78D1008CF568 /* Project object */;
			proxyType = 1;
			remoteGlobalIDString = B6E8DD3C1DAC78D1008CF568;
			remoteInfo = RespondChain;
		};
		B6E8DD5D1DAC78D1008CF568 /* PBXContainerItemProxy */ = {
			isa = PBXContainerItemProxy;
			containerPortal = B6E8DD351DAC78D1008CF568 /* Project object */;
			proxyType = 1;
			remoteGlobalIDString = B6E8DD3C1DAC78D1008CF568;
			remoteInfo = RespondChain;
		};
/* End PBXContainerItemProxy section */

/* Begin PBXFileReference section */
		B6E8DD3D1DAC78D1008CF568 /* RespondChain.app */ = {isa = PBXFileReference; explicitFileType = wrapper.application; includeInIndex = 0; path = RespondChain.app; sourceTree = BUILT_PRODUCTS_DIR; };
		B6E8DD401DAC78D1008CF568 /* AppDelegate.swift */ = {isa = PBXFileReference; lastKnownFileType = sourcecode.swift; path = AppDelegate.swift; sourceTree = "<group>"; };
		B6E8DD421DAC78D1008CF568 /* ViewController.swift */ = {isa = PBXFileReference; lastKnownFileType = sourcecode.swift; path = ViewController.swift; sourceTree = "<group>"; };
		B6E8DD451DAC78D1008CF568 /* Base */ = {isa = PBXFileReference; lastKnownFileType = file.storyboard; name = Base; path = Base.lproj/Main.storyboard; sourceTree = "<group>"; };
		B6E8DD471DAC78D1008CF568 /* Assets.xcassets */ = {isa = PBXFileReference; lastKnownFileType = folder.assetcatalog; path = Assets.xcassets; sourceTree = "<group>"; };
		B6E8DD4A1DAC78D1008CF568 /* Base */ = {isa = PBXFileReference; lastKnownFileType = file.storyboard; name = Base; path = Base.lproj/LaunchScreen.storyboard; sourceTree = "<group>"; };
		B6E8DD4C1DAC78D1008CF568 /* Info.plist */ = {isa = PBXFileReference; lastKnownFileType = text.plist.xml; path = Info.plist; sourceTree = "<group>"; };
		B6E8DD511DAC78D1008CF568 /* RespondChainTests.xctest */ = {isa = PBXFileReference; explicitFileType = wrapper.cfbundle; includeInIndex = 0; path = RespondChainTests.xctest; sourceTree = BUILT_PRODUCTS_DIR; };
		B6E8DD551DAC78D1008CF568 /* RespondChainTests.swift */ = {isa = PBXFileReference; lastKnownFileType = sourcecode.swift; path = RespondChainTests.swift; sourceTree = "<group>"; };
		B6E8DD571DAC78D1008CF568 /* Info.plist */ = {isa = PBXFileReference; lastKnownFileType = text.plist.xml; path = Info.plist; sourceTree = "<group>"; };
		B6E8DD5C1DAC78D1008CF568 /* RespondChainUITests.xctest */ = {isa = PBXFileReference; explicitFileType = wrapper.cfbundle; includeInIndex = 0; path = RespondChainUITests.xctest; sourceTree = BUILT_PRODUCTS_DIR; };
		B6E8DD601DAC78D1008CF568 /* RespondChainUITests.swift */ = {isa = PBXFileReference; lastKnownFileType = sourcecode.swift; path = RespondChainUITests.swift; sourceTree = "<group>"; };
		B6E8DD621DAC78D1008CF568 /* Info.plist */ = {isa = PBXFileReference; lastKnownFileType = text.plist.xml; path = Info.plist; sourceTree = "<group>"; };
		B6E8DD6E1DAC79A3008CF568 /* MyView.swift */ = {isa = PBXFileReference; fileEncoding = 4; lastKnownFileType = sourcecode.swift; path = MyView.swift; sourceTree = "<group>"; };
/* End PBXFileReference section */

/* Begin PBXFrameworksBuildPhase section */
		B6E8DD3A1DAC78D1008CF568 /* Frameworks */ = {
			isa = PBXFrameworksBuildPhase;
			buildActionMask = 2147483647;
			files = (
			);
			runOnlyForDeploymentPostprocessing = 0;
		};
		B6E8DD4E1DAC78D1008CF568 /* Frameworks */ = {
			isa = PBXFrameworksBuildPhase;
			buildActionMask = 2147483647;
			files = (
			);
			runOnlyForDeploymentPostprocessing = 0;
		};
		B6E8DD591DAC78D1008CF568 /* Frameworks */ = {
			isa = PBXFrameworksBuildPhase;
			buildActionMask = 2147483647;
			files = (
			);
			runOnlyForDeploymentPostprocessing = 0;
		};
/* End PBXFrameworksBuildPhase section */

/* Begin PBXGroup section */
		B6E8DD341DAC78D1008CF568 = {
			isa = PBXGroup;
			children = (
				B6E8DD3F1DAC78D1008CF568 /* RespondChain */,
				B6E8DD541DAC78D1008CF568 /* RespondChainTests */,
				B6E8DD5F1DAC78D1008CF568 /* RespondChainUITests */,
				B6E8DD3E1DAC78D1008CF568 /* Products */,
			);
			sourceTree = "<group>";
		};
		B6E8DD3E1DAC78D1008CF568 /* Products */ = {
			isa = PBXGroup;
			children = (
				B6E8DD3D1DAC78D1008CF568 /* RespondChain.app */,
				B6E8DD511DAC78D1008CF568 /* RespondChainTests.xctest */,
				B6E8DD5C1DAC78D1008CF568 /* RespondChainUITests.xctest */,
			);
			name = Products;
			sourceTree = "<group>";
		};
		B6E8DD3F1DAC78D1008CF568 /* RespondChain */ = {
			isa = PBXGroup;
			children = (
				B6E8DD401DAC78D1008CF568 /* AppDelegate.swift */,
				B6E8DD421DAC78D1008CF568 /* ViewController.swift */,
				B6E8DD6E1DAC79A3008CF568 /* MyView.swift */,
				B6E8DD441DAC78D1008CF568 /* Main.storyboard */,
				B6E8DD471DAC78D1008CF568 /* Assets.xcassets */,
				B6E8DD491DAC78D1008CF568 /* LaunchScreen.storyboard */,
				B6E8DD4C1DAC78D1008CF568 /* Info.plist */,
			);
			path = RespondChain;
			sourceTree = "<group>";
		};
		B6E8DD541DAC78D1008CF568 /* RespondChainTests */ = {
			isa = PBXGroup;
			children = (
				B6E8DD551DAC78D1008CF568 /* RespondChainTests.swift */,
				B6E8DD571DAC78D1008CF568 /* Info.plist */,
			);
			path = RespondChainTests;
			sourceTree = "<group>";
		};
		B6E8DD5F1DAC78D1008CF568 /* RespondChainUITests */ = {
			isa = PBXGroup;
			children = (
				B6E8DD601DAC78D1008CF568 /* RespondChainUITests.swift */,
				B6E8DD621DAC78D1008CF568 /* Info.plist */,
			);
			path = RespondChainUITests;
			sourceTree = "<group>";
		};
/* End PBXGroup section */

/* Begin PBXNativeTarget section */
		B6E8DD3C1DAC78D1008CF568 /* RespondChain */ = {
			isa = PBXNativeTarget;
			buildConfigurationList = B6E8DD651DAC78D1008CF568 /* Build configuration list for PBXNativeTarget "RespondChain" */;
			buildPhases = (
				B6E8DD391DAC78D1008CF568 /* Sources */,
				B6E8DD3A1DAC78D1008CF568 /* Frameworks */,
				B6E8DD3B1DAC78D1008CF568 /* Resources */,
			);
			buildRules = (
			);
			dependencies = (
			);
			name = RespondChain;
			productName = RespondChain;
			productReference = B6E8DD3D1DAC78D1008CF568 /* RespondChain.app */;
			productType = "com.apple.product-type.application";
		};
		B6E8DD501DAC78D1008CF568 /* RespondChainTests */ = {
			isa = PBXNativeTarget;
			buildConfigurationList = B6E8DD681DAC78D1008CF568 /* Build configuration list for PBXNativeTarget "RespondChainTests" */;
			buildPhases = (
				B6E8DD4D1DAC78D1008CF568 /* Sources */,
				B6E8DD4E1DAC78D1008CF568 /* Frameworks */,
				B6E8DD4F1DAC78D1008CF568 /* Resources */,
			);
			buildRules = (
			);
			dependencies = (
				B6E8DD531DAC78D1008CF568 /* PBXTargetDependency */,
			);
			name = RespondChainTests;
			productName = RespondChainTests;
			productReference = B6E8DD511DAC78D1008CF568 /* RespondChainTests.xctest */;
			productType = "com.apple.product-type.bundle.unit-test";
		};
		B6E8DD5B1DAC78D1008CF568 /* RespondChainUITests */ = {
			isa = PBXNativeTarget;
			buildConfigurationList = B6E8DD6B1DAC78D1008CF568 /* Build configuration list for PBXNativeTarget "RespondChainUITests" */;
			buildPhases = (
				B6E8DD581DAC78D1008CF568 /* Sources */,
				B6E8DD591DAC78D1008CF568 /* Frameworks */,
				B6E8DD5A1DAC78D1008CF568 /* Resources */,
			);
			buildRules = (
			);
			dependencies = (
				B6E8DD5E1DAC78D1008CF568 /* PBXTargetDependency */,
			);
			name = RespondChainUITests;
			productName = RespondChainUITests;
			productReference = B6E8DD5C1DAC78D1008CF568 /* RespondChainUITests.xctest */;
			productType = "com.apple.product-type.bundle.ui-testing";
		};
/* End PBXNativeTarget section */

/* Begin PBXProject section */
		B6E8DD351DAC78D1008CF568 /* Project object */ = {
			isa = PBXProject;
			attributes = {
				LastSwiftUpdateCheck = 0730;
				LastUpgradeCheck = 0730;
				ORGANIZATIONNAME = Freeman;
				TargetAttributes = {
					B6E8DD3C1DAC78D1008CF568 = {
						CreatedOnToolsVersion = 7.3.1;
					};
					B6E8DD501DAC78D1008CF568 = {
						CreatedOnToolsVersion = 7.3.1;
						TestTargetID = B6E8DD3C1DAC78D1008CF568;
					};
					B6E8DD5B1DAC78D1008CF568 = {
						CreatedOnToolsVersion = 7.3.1;
						TestTargetID = B6E8DD3C1DAC78D1008CF568;
					};
				};
			};
			buildConfigurationList = B6E8DD381DAC78D1008CF568 /* Build configuration list for PBXProject "RespondChain" */;
			compatibilityVersion = "Xcode 3.2";
			developmentRegion = English;
			hasScannedForEncodings = 0;
			knownRegions = (
				en,
				Base,
			);
			mainGroup = B6E8DD341DAC78D1008CF568;
			productRefGroup = B6E8DD3E1DAC78D1008CF568 /* Products */;
			projectDirPath = "";
			projectRoot = "";
			targets = (
				B6E8DD3C1DAC78D1008CF568 /* RespondChain */,
				B6E8DD501DAC78D1008CF568 /* RespondChainTests */,
				B6E8DD5B1DAC78D1008CF568 /* RespondChainUITests */,
			);
		};
/* End PBXProject section */

/* Begin PBXResourcesBuildPhase section */
		B6E8DD3B1DAC78D1008CF568 /* Resources */ = {
			isa = PBXResourcesBuildPhase;
			buildActionMask = 2147483647;
			files = (
				B6E8DD4B1DAC78D1008CF568 /* LaunchScreen.storyboard in Resources */,
				B6E8DD481DAC78D1008CF568 /* Assets.xcassets in Resources */,
				B6E8DD461DAC78D1008CF568 /* Main.storyboard in Resources */,
			);
			runOnlyForDeploymentPostprocessing = 0;
		};
		B6E8DD4F1DAC78D1008CF568 /* Resources */ = {
			isa = PBXResourcesBuildPhase;
			buildActionMask = 2147483647;
			files = (
			);
			runOnlyForDeploymentPostprocessing = 0;
		};
		B6E8DD5A1DAC78D1008CF568 /* Resources */ = {
			isa = PBXResourcesBuildPhase;
			buildActionMask = 2147483647;
			files = (
			);
			runOnlyForDeploymentPostprocessing = 0;
		};
/* End PBXResourcesBuildPhase section */

/* Begin PBXSourcesBuildPhase section */
		B6E8DD391DAC78D1008CF568 /* Sources */ = {
			isa = PBXSourcesBuildPhase;
			buildActionMask = 2147483647;
			files = (
				B6E8DD6F1DAC79A3008CF568 /* MyView.swift in Sources */,
				B6E8DD431DAC78D1008CF568 /* ViewController.swift in Sources */,
				B6E8DD411DAC78D1008CF568 /* AppDelegate.swift in Sources */,
			);
			runOnlyForDeploymentPostprocessing = 0;
		};
		B6E8DD4D1DAC78D1008CF568 /* Sources */ = {
			isa = PBXSourcesBuildPhase;
			buildActionMask = 2147483647;
			files = (
				B6E8DD561DAC78D1008CF568 /* RespondChainTests.swift in Sources */,
			);
			runOnlyForDeploymentPostprocessing = 0;
		};
		B6E8DD581DAC78D1008CF568 /* Sources */ = {
			isa = PBXSourcesBuildPhase;
			buildActionMask = 2147483647;
			files = (
				B6E8DD611DAC78D1008CF568 /* RespondChainUITests.swift in Sources */,
			);
			runOnlyForDeploymentPostprocessing = 0;
		};
/* End PBXSourcesBuildPhase section */

/* Begin PBXTargetDependency section */
		B6E8DD531DAC78D1008CF568 /* PBXTargetDependency */ = {
			isa = PBXTargetDependency;
			target = B6E8DD3C1DAC78D1008CF568 /* RespondChain */;
			targetProxy = B6E8DD521DAC78D1008CF568 /* PBXContainerItemProxy */;
		};
		B6E8DD5E1DAC78D1008CF568 /* PBXTargetDependency */ = {
			isa = PBXTargetDependency;
			target = B6E8DD3C1DAC78D1008CF568 /* RespondChain */;
			targetProxy = B6E8DD5D1DAC78D1008CF568 /* PBXContainerItemProxy */;
		};
/* End PBXTargetDependency section */

/* Begin PBXVariantGroup section */
		B6E8DD441DAC78D1008CF568 /* Main.storyboard */ = {
			isa = PBXVariantGroup;
			children = (
				B6E8DD451DAC78D1008CF568 /* Base */,
			);
			name = Main.storyboard;
			sourceTree = "<group>";
		};
		B6E8DD491DAC78D1008CF568 /* LaunchScreen.storyboard */ = {
			isa = PBXVariantGroup;
			children = (
				B6E8DD4A1DAC78D1008CF568 /* Base */,
			);
			name = LaunchScreen.storyboard;
			sourceTree = "<group>";
		};
/* End PBXVariantGroup section */

/* Begin XCBuildConfiguration section */
		B6E8DD631DAC78D1008CF568 /* Debug */ = {
			isa = XCBuildConfiguration;
			buildSettings = {
				ALWAYS_SEARCH_USER_PATHS = NO;
				CLANG_ANALYZER_NONNULL = YES;
				CLANG_CXX_LANGUAGE_STANDARD = "gnu++0x";
				CLANG_CXX_LIBRARY = "libc++";
				CLANG_ENABLE_MODULES = YES;
				CLANG_ENABLE_OBJC_ARC = YES;
				CLANG_WARN_BOOL_CONVERSION = YES;
				CLANG_WARN_CONSTANT_CONVERSION = YES;
				CLANG_WARN_DIRECT_OBJC_ISA_USAGE = YES_ERROR;
				CLANG_WARN_EMPTY_BODY = YES;
				CLANG_WARN_ENUM_CONVERSION = YES;
				CLANG_WARN_INT_CONVERSION = YES;
				CLANG_WARN_OBJC_ROOT_CLASS = YES_ERROR;
				CLANG_WARN_UNREACHABLE_CODE = YES;
				CLANG_WARN__DUPLICATE_METHOD_MATCH = YES;
				"CODE_SIGN_IDENTITY[sdk=iphoneos*]" = "iPhone Developer";
				COPY_PHASE_STRIP = NO;
				DEBUG_INFORMATION_FORMAT = dwarf;
				ENABLE_STRICT_OBJC_MSGSEND = YES;
				ENABLE_TESTABILITY = YES;
				GCC_C_LANGUAGE_STANDARD = gnu99;
				GCC_DYNAMIC_NO_PIC = NO;
				GCC_NO_COMMON_BLOCKS = YES;
				GCC_OPTIMIZATION_LEVEL = 0;
				GCC_PREPROCESSOR_DEFINITIONS = (
					"DEBUG=1",
					"$(inherited)",
				);
				GCC_WARN_64_TO_32_BIT_CONVERSION = YES;
				GCC_WARN_ABOUT_RETURN_TYPE = YES_ERROR;
				GCC_WARN_UNDECLARED_SELECTOR = YES;
				GCC_WARN_UNINITIALIZED_AUTOS = YES_AGGRESSIVE;
				GCC_WARN_UNUSED_FUNCTION = YES;
				GCC_WARN_UNUSED_VARIABLE = YES;
				IPHONEOS_DEPLOYMENT_TARGET = 9.3;
				MTL_ENABLE_DEBUG_INFO = YES;
				ONLY_ACTIVE_ARCH = YES;
				SDKROOT = iphoneos;
				SWIFT_OPTIMIZATION_LEVEL = "-Onone";
				TARGETED_DEVICE_FAMILY = "1,2";
			};
			name = Debug;
		};
		B6E8DD641DAC78D1008CF568 /* Release */ = {
			isa = XCBuildConfiguration;
			buildSettings = {
				ALWAYS_SEARCH_USER_PATHS = NO;
				CLANG_ANALYZER_NONNULL = YES;
				CLANG_CXX_LANGUAGE_STANDARD = "gnu++0x";
				CLANG_CXX_LIBRARY = "libc++";
				CLANG_ENABLE_MODULES = YES;
				CLANG_ENABLE_OBJC_ARC = YES;
				CLANG_WARN_BOOL_CONVERSION = YES;
				CLANG_WARN_CONSTANT_CONVERSION = YES;
				CLANG_WARN_DIRECT_OBJC_ISA_USAGE = YES_ERROR;
				CLANG_WARN_EMPTY_BODY = YES;
				CLANG_WARN_ENUM_CONVERSION = YES;
				CLANG_WARN_INT_CONVERSION = YES;
				CLANG_WARN_OBJC_ROOT_CLASS = YES_ERROR;
				CLANG_WARN_UNREACHABLE_CODE = YES;
				CLANG_WARN__DUPLICATE_METHOD_MATCH = YES;
				"CODE_SIGN_IDENTITY[sdk=iphoneos*]" = "iPhone Developer";
				COPY_PHASE_STRIP = NO;
				DEBUG_INFORMATION_FORMAT = "dwarf-with-dsym";
				ENABLE_NS_ASSERTIONS = NO;
				ENABLE_STRICT_OBJC_MSGSEND = YES;
				GCC_C_LANGUAGE_STANDARD = gnu99;
				GCC_NO_COMMON_BLOCKS = YES;
				GCC_WARN_64_TO_32_BIT_CONVERSION = YES;
				GCC_WARN_ABOUT_RETURN_TYPE = YES_ERROR;
				GCC_WARN_UNDECLARED_SELECTOR = YES;
				GCC_WARN_UNINITIALIZED_AUTOS = YES_AGGRESSIVE;
				GCC_WARN_UNUSED_FUNCTION = YES;
				GCC_WARN_UNUSED_VARIABLE = YES;
				IPHONEOS_DEPLOYMENT_TARGET = 9.3;
				MTL_ENABLE_DEBUG_INFO = NO;
				SDKROOT = iphoneos;
				TARGETED_DEVICE_FAMILY = "1,2";
				VALIDATE_PRODUCT = YES;
			};
			name = Release;
		};
		B6E8DD661DAC78D1008CF568 /* Debug */ = {
			isa = XCBuildConfiguration;
			buildSettings = {
				ASSETCATALOG_COMPILER_APPICON_NAME = AppIcon;
				INFOPLIST_FILE = RespondChain/Info.plist;
				LD_RUNPATH_SEARCH_PATHS = "$(inherited) @executable_path/Frameworks";
				PRODUCT_BUNDLE_IDENTIFIER = com.neusoft.RespondChain;
				PRODUCT_NAME = "$(TARGET_NAME)";
			};
			name = Debug;
		};
		B6E8DD671DAC78D1008CF568 /* Release */ = {
			isa = XCBuildConfiguration;
			buildSettings = {
				ASSETCATALOG_COMPILER_APPICON_NAME = AppIcon;
				INFOPLIST_FILE = RespondChain/Info.plist;
				LD_RUNPATH_SEARCH_PATHS = "$(inherited) @executable_path/Frameworks";
				PRODUCT_BUNDLE_IDENTIFIER = com.neusoft.RespondChain;
				PRODUCT_NAME = "$(TARGET_NAME)";
			};
			name = Release;
		};
		B6E8DD691DAC78D1008CF568 /* Debug */ = {
			isa = XCBuildConfiguration;
			buildSettings = {
				BUNDLE_LOADER = "$(TEST_HOST)";
				INFOPLIST_FILE = RespondChainTests/Info.plist;
				LD_RUNPATH_SEARCH_PATHS = "$(inherited) @executable_path/Frameworks @loader_path/Frameworks";
				PRODUCT_BUNDLE_IDENTIFIER = com.neusoft.RespondChainTests;
				PRODUCT_NAME = "$(TARGET_NAME)";
				TEST_HOST = "$(BUILT_PRODUCTS_DIR)/RespondChain.app/RespondChain";
			};
			name = Debug;
		};
		B6E8DD6A1DAC78D1008CF568 /* Release */ = {
			isa = XCBuildConfiguration;
			buildSettings = {
				BUNDLE_LOADER = "$(TEST_HOST)";
				INFOPLIST_FILE = RespondChainTests/Info.plist;
				LD_RUNPATH_SEARCH_PATHS = "$(inherited) @executable_path/Frameworks @loader_path/Frameworks";
				PRODUCT_BUNDLE_IDENTIFIER = com.neusoft.RespondChainTests;
				PRODUCT_NAME = "$(TARGET_NAME)";
				TEST_HOST = "$(BUILT_PRODUCTS_DIR)/RespondChain.app/RespondChain";
			};
			name = Release;
		};
		B6E8DD6C1DAC78D1008CF568 /* Debug */ = {
			isa = XCBuildConfiguration;
			buildSettings = {
				INFOPLIST_FILE = RespondChainUITests/Info.plist;
				LD_RUNPATH_SEARCH_PATHS = "$(inherited) @executable_path/Frameworks @loader_path/Frameworks";
				PRODUCT_BUNDLE_IDENTIFIER = com.neusoft.RespondChainUITests;
				PRODUCT_NAME = "$(TARGET_NAME)";
				TEST_TARGET_NAME = RespondChain;
			};
			name = Debug;
		};
		B6E8DD6D1DAC78D1008CF568 /* Release */ = {
			isa = XCBuildConfiguration;
			buildSettings = {
				INFOPLIST_FILE = RespondChainUITests/Info.plist;
				LD_RUNPATH_SEARCH_PATHS = "$(inherited) @executable_path/Frameworks @loader_path/Frameworks";
				PRODUCT_BUNDLE_IDENTIFIER = com.neusoft.RespondChainUITests;
				PRODUCT_NAME = "$(TARGET_NAME)";
				TEST_TARGET_NAME = RespondChain;
			};
			name = Release;
		};
/* End XCBuildConfiguration section */

/* Begin XCConfigurationList section */
		B6E8DD381DAC78D1008CF568 /* Build configuration list for PBXProject "RespondChain" */ = {
			isa = XCConfigurationList;
			buildConfigurations = (
				B6E8DD631DAC78D1008CF568 /* Debug */,
				B6E8DD641DAC78D1008CF568 /* Release */,
			);
			defaultConfigurationIsVisible = 0;
			defaultConfigurationName = Release;
		};
		B6E8DD651DAC78D1008CF568 /* Build configuration list for PBXNativeTarget "RespondChain" */ = {
			isa = XCConfigurationList;
			buildConfigurations = (
				B6E8DD661DAC78D1008CF568 /* Debug */,
				B6E8DD671DAC78D1008CF568 /* Release */,
			);
			defaultConfigurationIsVisible = 0;
		};
		B6E8DD681DAC78D1008CF568 /* Build configuration list for PBXNativeTarget "RespondChainTests" */ = {
			isa = XCConfigurationList;
			buildConfigurations = (
				B6E8DD691DAC78D1008CF568 /* Debug */,
				B6E8DD6A1DAC78D1008CF568 /* Release */,
			);
			defaultConfigurationIsVisible = 0;
		};
		B6E8DD6B1DAC78D1008CF568 /* Build configuration list for PBXNativeTarget "RespondChainUITests" */ = {
			isa = XCConfigurationList;
			buildConfigurations = (
				B6E8DD6C1DAC78D1008CF568 /* Debug */,
				B6E8DD6D1DAC78D1008CF568 /* Release */,
			);
			defaultConfigurationIsVisible = 0;
		};
/* End XCConfigurationList section */
	};
	rootObject = B6E8DD351DAC78D1008CF568 /* Project object */;
}
