// !$*UTF8*$!
{
	archiveVersion = 1;
	classes = {
	};
	objectVersion = 46;
	objects = {

/* Begin PBXBuildFile section */
		B6C54FD31DB59F1F00B5C6BD /* AppDelegate.swift in Sources */ = {isa = PBXBuildFile; fileRef = B6C54FD21DB59F1F00B5C6BD /* AppDelegate.swift */; };
		B6C54FD51DB59F1F00B5C6BD /* ViewController.swift in Sources */ = {isa = PBXBuildFile; fileRef = B6C54FD41DB59F1F00B5C6BD /* ViewController.swift */; };
		B6C54FD81DB59F1F00B5C6BD /* Main.storyboard in Resources */ = {isa = PBXBuildFile; fileRef = B6C54FD61DB59F1F00B5C6BD /* Main.storyboard */; };
		B6C54FDA1DB59F1F00B5C6BD /* Assets.xcassets in Resources */ = {isa = PBXBuildFile; fileRef = B6C54FD91DB59F1F00B5C6BD /* Assets.xcassets */; };
		B6C54FDD1DB59F1F00B5C6BD /* LaunchScreen.storyboard in Resources */ = {isa = PBXBuildFile; fileRef = B6C54FDB1DB59F1F00B5C6BD /* LaunchScreen.storyboard */; };
		B6C54FE81DB59F1F00B5C6BD /* _048Tests.swift in Sources */ = {isa = PBXBuildFile; fileRef = B6C54FE71DB59F1F00B5C6BD /* _048Tests.swift */; };
		B6C54FF31DB59F1F00B5C6BD /* _048UITests.swift in Sources */ = {isa = PBXBuildFile; fileRef = B6C54FF21DB59F1F00B5C6BD /* _048UITests.swift */; };
		B6C550011DB5ACD200B5C6BD /* MainViewController.swift in Sources */ = {isa = PBXBuildFile; fileRef = B6C550001DB5ACD200B5C6BD /* MainViewController.swift */; };
		B6F7C90E1DB8615000BA317C /* ScoreView.swift in Sources */ = {isa = PBXBuildFile; fileRef = B6F7C90D1DB8615000BA317C /* ScoreView.swift */; };
		B6F7C9101DB8692C00BA317C /* TileView.swift in Sources */ = {isa = PBXBuildFile; fileRef = B6F7C90F1DB8692C00BA317C /* TileView.swift */; };
		B6F7C9131DB8713900BA317C /* GameModel.swift in Sources */ = {isa = PBXBuildFile; fileRef = B6F7C9121DB8713900BA317C /* GameModel.swift */; };
/* End PBXBuildFile section */

/* Begin PBXContainerItemProxy section */
		B6C54FE41DB59F1F00B5C6BD /* PBXContainerItemProxy */ = {
			isa = PBXContainerItemProxy;
			containerPortal = B6C54FC71DB59F1E00B5C6BD /* Project object */;
			proxyType = 1;
			remoteGlobalIDString = B6C54FCE1DB59F1E00B5C6BD;
			remoteInfo = 2048;
		};
		B6C54FEF1DB59F1F00B5C6BD /* PBXContainerItemProxy */ = {
			isa = PBXContainerItemProxy;
			containerPortal = B6C54FC71DB59F1E00B5C6BD /* Project object */;
			proxyType = 1;
			remoteGlobalIDString = B6C54FCE1DB59F1E00B5C6BD;
			remoteInfo = 2048;
		};
/* End PBXContainerItemProxy section */

/* Begin PBXFileReference section */
		B6C54FCF1DB59F1E00B5C6BD /* 2048.app */ = {isa = PBXFileReference; explicitFileType = wrapper.application; includeInIndex = 0; path = 2048.app; sourceTree = BUILT_PRODUCTS_DIR; };
		B6C54FD21DB59F1F00B5C6BD /* AppDelegate.swift */ = {isa = PBXFileReference; lastKnownFileType = sourcecode.swift; path = AppDelegate.swift; sourceTree = "<group>"; };
		B6C54FD41DB59F1F00B5C6BD /* ViewController.swift */ = {isa = PBXFileReference; lastKnownFileType = sourcecode.swift; path = ViewController.swift; sourceTree = "<group>"; };
		B6C54FD71DB59F1F00B5C6BD /* Base */ = {isa = PBXFileReference; lastKnownFileType = file.storyboard; name = Base; path = Base.lproj/Main.storyboard; sourceTree = "<group>"; };
		B6C54FD91DB59F1F00B5C6BD /* Assets.xcassets */ = {isa = PBXFileReference; lastKnownFileType = folder.assetcatalog; path = Assets.xcassets; sourceTree = "<group>"; };
		B6C54FDC1DB59F1F00B5C6BD /* Base */ = {isa = PBXFileReference; lastKnownFileType = file.storyboard; name = Base; path = Base.lproj/LaunchScreen.storyboard; sourceTree = "<group>"; };
		B6C54FDE1DB59F1F00B5C6BD /* Info.plist */ = {isa = PBXFileReference; lastKnownFileType = text.plist.xml; path = Info.plist; sourceTree = "<group>"; };
		B6C54FE31DB59F1F00B5C6BD /* 2048Tests.xctest */ = {isa = PBXFileReference; explicitFileType = wrapper.cfbundle; includeInIndex = 0; path = 2048Tests.xctest; sourceTree = BUILT_PRODUCTS_DIR; };
		B6C54FE71DB59F1F00B5C6BD /* _048Tests.swift */ = {isa = PBXFileReference; lastKnownFileType = sourcecode.swift; path = _048Tests.swift; sourceTree = "<group>"; };
		B6C54FE91DB59F1F00B5C6BD /* Info.plist */ = {isa = PBXFileReference; lastKnownFileType = text.plist.xml; path = Info.plist; sourceTree = "<group>"; };
		B6C54FEE1DB59F1F00B5C6BD /* 2048UITests.xctest */ = {isa = PBXFileReference; explicitFileType = wrapper.cfbundle; includeInIndex = 0; path = 2048UITests.xctest; sourceTree = BUILT_PRODUCTS_DIR; };
		B6C54FF21DB59F1F00B5C6BD /* _048UITests.swift */ = {isa = PBXFileReference; lastKnownFileType = sourcecode.swift; path = _048UITests.swift; sourceTree = "<group>"; };
		B6C54FF41DB59F1F00B5C6BD /* Info.plist */ = {isa = PBXFileReference; lastKnownFileType = text.plist.xml; path = Info.plist; sourceTree = "<group>"; };
		B6C550001DB5ACD200B5C6BD /* MainViewController.swift */ = {isa = PBXFileReference; fileEncoding = 4; lastKnownFileType = sourcecode.swift; path = MainViewController.swift; sourceTree = "<group>"; };
		B6F7C90D1DB8615000BA317C /* ScoreView.swift */ = {isa = PBXFileReference; fileEncoding = 4; lastKnownFileType = sourcecode.swift; path = ScoreView.swift; sourceTree = "<group>"; };
		B6F7C90F1DB8692C00BA317C /* TileView.swift */ = {isa = PBXFileReference; fileEncoding = 4; lastKnownFileType = sourcecode.swift; path = TileView.swift; sourceTree = "<group>"; };
		B6F7C9121DB8713900BA317C /* GameModel.swift */ = {isa = PBXFileReference; fileEncoding = 4; lastKnownFileType = sourcecode.swift; path = GameModel.swift; sourceTree = "<group>"; };
/* End PBXFileReference section */

/* Begin PBXFrameworksBuildPhase section */
		B6C54FCC1DB59F1E00B5C6BD /* Frameworks */ = {
			isa = PBXFrameworksBuildPhase;
			buildActionMask = 2147483647;
			files = (
			);
			runOnlyForDeploymentPostprocessing = 0;
		};
		B6C54FE01DB59F1F00B5C6BD /* Frameworks */ = {
			isa = PBXFrameworksBuildPhase;
			buildActionMask = 2147483647;
			files = (
			);
			runOnlyForDeploymentPostprocessing = 0;
		};
		B6C54FEB1DB59F1F00B5C6BD /* Frameworks */ = {
			isa = PBXFrameworksBuildPhase;
			buildActionMask = 2147483647;
			files = (
			);
			runOnlyForDeploymentPostprocessing = 0;
		};
/* End PBXFrameworksBuildPhase section */

/* Begin PBXGroup section */
		B6C54FC61DB59F1E00B5C6BD = {
			isa = PBXGroup;
			children = (
				B6C54FD11DB59F1F00B5C6BD /* 2048 */,
				B6C54FE61DB59F1F00B5C6BD /* 2048Tests */,
				B6C54FF11DB59F1F00B5C6BD /* 2048UITests */,
				B6C54FD01DB59F1E00B5C6BD /* Products */,
			);
			sourceTree = "<group>";
		};
		B6C54FD01DB59F1E00B5C6BD /* Products */ = {
			isa = PBXGroup;
			children = (
				B6C54FCF1DB59F1E00B5C6BD /* 2048.app */,
				B6C54FE31DB59F1F00B5C6BD /* 2048Tests.xctest */,
				B6C54FEE1DB59F1F00B5C6BD /* 2048UITests.xctest */,
			);
			name = Products;
			sourceTree = "<group>";
		};
		B6C54FD11DB59F1F00B5C6BD /* 2048 */ = {
			isa = PBXGroup;
			children = (
				B6C550001DB5ACD200B5C6BD /* MainViewController.swift */,
				B6C54FD41DB59F1F00B5C6BD /* ViewController.swift */,
				B6F7C9111DB870F700BA317C /* Model */,
				B6F7C90A1DB8604000BA317C /* View */,
				B6F7C90C1DB8607200BA317C /* Others */,
				B6C54FD61DB59F1F00B5C6BD /* Main.storyboard */,
				B6C54FD91DB59F1F00B5C6BD /* Assets.xcassets */,
				B6C54FDB1DB59F1F00B5C6BD /* LaunchScreen.storyboard */,
				B6C54FDE1DB59F1F00B5C6BD /* Info.plist */,
			);
			path = 2048;
			sourceTree = "<group>";
		};
		B6C54FE61DB59F1F00B5C6BD /* 2048Tests */ = {
			isa = PBXGroup;
			children = (
				B6C54FE71DB59F1F00B5C6BD /* _048Tests.swift */,
				B6C54FE91DB59F1F00B5C6BD /* Info.plist */,
			);
			path = 2048Tests;
			sourceTree = "<group>";
		};
		B6C54FF11DB59F1F00B5C6BD /* 2048UITests */ = {
			isa = PBXGroup;
			children = (
				B6C54FF21DB59F1F00B5C6BD /* _048UITests.swift */,
				B6C54FF41DB59F1F00B5C6BD /* Info.plist */,
			);
			path = 2048UITests;
			sourceTree = "<group>";
		};
		B6F7C90A1DB8604000BA317C /* View */ = {
			isa = PBXGroup;
			children = (
				B6F7C90D1DB8615000BA317C /* ScoreView.swift */,
				B6F7C90F1DB8692C00BA317C /* TileView.swift */,
			);
			name = View;
			sourceTree = "<group>";
		};
		B6F7C90C1DB8607200BA317C /* Others */ = {
			isa = PBXGroup;
			children = (
				B6C54FD21DB59F1F00B5C6BD /* AppDelegate.swift */,
			);
			name = Others;
			sourceTree = "<group>";
		};
		B6F7C9111DB870F700BA317C /* Model */ = {
			isa = PBXGroup;
			children = (
				B6F7C9121DB8713900BA317C /* GameModel.swift */,
			);
			name = Model;
			sourceTree = "<group>";
		};
/* End PBXGroup section */

/* Begin PBXNativeTarget section */
		B6C54FCE1DB59F1E00B5C6BD /* 2048 */ = {
			isa = PBXNativeTarget;
			buildConfigurationList = B6C54FF71DB59F1F00B5C6BD /* Build configuration list for PBXNativeTarget "2048" */;
			buildPhases = (
				B6C54FCB1DB59F1E00B5C6BD /* Sources */,
				B6C54FCC1DB59F1E00B5C6BD /* Frameworks */,
				B6C54FCD1DB59F1E00B5C6BD /* Resources */,
			);
			buildRules = (
			);
			dependencies = (
			);
			name = 2048;
			productName = 2048;
			productReference = B6C54FCF1DB59F1E00B5C6BD /* 2048.app */;
			productType = "com.apple.product-type.application";
		};
		B6C54FE21DB59F1F00B5C6BD /* 2048Tests */ = {
			isa = PBXNativeTarget;
			buildConfigurationList = B6C54FFA1DB59F1F00B5C6BD /* Build configuration list for PBXNativeTarget "2048Tests" */;
			buildPhases = (
				B6C54FDF1DB59F1F00B5C6BD /* Sources */,
				B6C54FE01DB59F1F00B5C6BD /* Frameworks */,
				B6C54FE11DB59F1F00B5C6BD /* Resources */,
			);
			buildRules = (
			);
			dependencies = (
				B6C54FE51DB59F1F00B5C6BD /* PBXTargetDependency */,
			);
			name = 2048Tests;
			productName = 2048Tests;
			productReference = B6C54FE31DB59F1F00B5C6BD /* 2048Tests.xctest */;
			productType = "com.apple.product-type.bundle.unit-test";
		};
		B6C54FED1DB59F1F00B5C6BD /* 2048UITests */ = {
			isa = PBXNativeTarget;
			buildConfigurationList = B6C54FFD1DB59F1F00B5C6BD /* Build configuration list for PBXNativeTarget "2048UITests" */;
			buildPhases = (
				B6C54FEA1DB59F1F00B5C6BD /* Sources */,
				B6C54FEB1DB59F1F00B5C6BD /* Frameworks */,
				B6C54FEC1DB59F1F00B5C6BD /* Resources */,
			);
			buildRules = (
			);
			dependencies = (
				B6C54FF01DB59F1F00B5C6BD /* PBXTargetDependency */,
			);
			name = 2048UITests;
			productName = 2048UITests;
			productReference = B6C54FEE1DB59F1F00B5C6BD /* 2048UITests.xctest */;
			productType = "com.apple.product-type.bundle.ui-testing";
		};
/* End PBXNativeTarget section */

/* Begin PBXProject section */
		B6C54FC71DB59F1E00B5C6BD /* Project object */ = {
			isa = PBXProject;
			attributes = {
				LastSwiftUpdateCheck = 0730;
				LastUpgradeCheck = 0730;
				ORGANIZATIONNAME = Freeman;
				TargetAttributes = {
					B6C54FCE1DB59F1E00B5C6BD = {
						CreatedOnToolsVersion = 7.3.1;
						LastSwiftMigration = 0800;
					};
					B6C54FE21DB59F1F00B5C6BD = {
						CreatedOnToolsVersion = 7.3.1;
						LastSwiftMigration = 0800;
						TestTargetID = B6C54FCE1DB59F1E00B5C6BD;
					};
					B6C54FED1DB59F1F00B5C6BD = {
						CreatedOnToolsVersion = 7.3.1;
						LastSwiftMigration = 0800;
						TestTargetID = B6C54FCE1DB59F1E00B5C6BD;
					};
				};
			};
			buildConfigurationList = B6C54FCA1DB59F1E00B5C6BD /* Build configuration list for PBXProject "2048" */;
			compatibilityVersion = "Xcode 3.2";
			developmentRegion = English;
			hasScannedForEncodings = 0;
			knownRegions = (
				en,
				Base,
			);
			mainGroup = B6C54FC61DB59F1E00B5C6BD;
			productRefGroup = B6C54FD01DB59F1E00B5C6BD /* Products */;
			projectDirPath = "";
			projectRoot = "";
			targets = (
				B6C54FCE1DB59F1E00B5C6BD /* 2048 */,
				B6C54FE21DB59F1F00B5C6BD /* 2048Tests */,
				B6C54FED1DB59F1F00B5C6BD /* 2048UITests */,
			);
		};
/* End PBXProject section */

/* Begin PBXResourcesBuildPhase section */
		B6C54FCD1DB59F1E00B5C6BD /* Resources */ = {
			isa = PBXResourcesBuildPhase;
			buildActionMask = 2147483647;
			files = (
				B6C54FDD1DB59F1F00B5C6BD /* LaunchScreen.storyboard in Resources */,
				B6C54FDA1DB59F1F00B5C6BD /* Assets.xcassets in Resources */,
				B6C54FD81DB59F1F00B5C6BD /* Main.storyboard in Resources */,
			);
			runOnlyForDeploymentPostprocessing = 0;
		};
		B6C54FE11DB59F1F00B5C6BD /* Resources */ = {
			isa = PBXResourcesBuildPhase;
			buildActionMask = 2147483647;
			files = (
			);
			runOnlyForDeploymentPostprocessing = 0;
		};
		B6C54FEC1DB59F1F00B5C6BD /* Resources */ = {
			isa = PBXResourcesBuildPhase;
			buildActionMask = 2147483647;
			files = (
			);
			runOnlyForDeploymentPostprocessing = 0;
		};
/* End PBXResourcesBuildPhase section */

/* Begin PBXSourcesBuildPhase section */
		B6C54FCB1DB59F1E00B5C6BD /* Sources */ = {
			isa = PBXSourcesBuildPhase;
			buildActionMask = 2147483647;
			files = (
				B6C550011DB5ACD200B5C6BD /* MainViewController.swift in Sources */,
				B6F7C90E1DB8615000BA317C /* ScoreView.swift in Sources */,
				B6C54FD51DB59F1F00B5C6BD /* ViewController.swift in Sources */,
				B6F7C9101DB8692C00BA317C /* TileView.swift in Sources */,
				B6C54FD31DB59F1F00B5C6BD /* AppDelegate.swift in Sources */,
				B6F7C9131DB8713900BA317C /* GameModel.swift in Sources */,
			);
			runOnlyForDeploymentPostprocessing = 0;
		};
		B6C54FDF1DB59F1F00B5C6BD /* Sources */ = {
			isa = PBXSourcesBuildPhase;
			buildActionMask = 2147483647;
			files = (
				B6C54FE81DB59F1F00B5C6BD /* _048Tests.swift in Sources */,
			);
			runOnlyForDeploymentPostprocessing = 0;
		};
		B6C54FEA1DB59F1F00B5C6BD /* Sources */ = {
			isa = PBXSourcesBuildPhase;
			buildActionMask = 2147483647;
			files = (
				B6C54FF31DB59F1F00B5C6BD /* _048UITests.swift in Sources */,
			);
			runOnlyForDeploymentPostprocessing = 0;
		};
/* End PBXSourcesBuildPhase section */

/* Begin PBXTargetDependency section */
		B6C54FE51DB59F1F00B5C6BD /* PBXTargetDependency */ = {
			isa = PBXTargetDependency;
			target = B6C54FCE1DB59F1E00B5C6BD /* 2048 */;
			targetProxy = B6C54FE41DB59F1F00B5C6BD /* PBXContainerItemProxy */;
		};
		B6C54FF01DB59F1F00B5C6BD /* PBXTargetDependency */ = {
			isa = PBXTargetDependency;
			target = B6C54FCE1DB59F1E00B5C6BD /* 2048 */;
			targetProxy = B6C54FEF1DB59F1F00B5C6BD /* PBXContainerItemProxy */;
		};
/* End PBXTargetDependency section */

/* Begin PBXVariantGroup section */
		B6C54FD61DB59F1F00B5C6BD /* Main.storyboard */ = {
			isa = PBXVariantGroup;
			children = (
				B6C54FD71DB59F1F00B5C6BD /* Base */,
			);
			name = Main.storyboard;
			sourceTree = "<group>";
		};
		B6C54FDB1DB59F1F00B5C6BD /* LaunchScreen.storyboard */ = {
			isa = PBXVariantGroup;
			children = (
				B6C54FDC1DB59F1F00B5C6BD /* Base */,
			);
			name = LaunchScreen.storyboard;
			sourceTree = "<group>";
		};
/* End PBXVariantGroup section */

/* Begin XCBuildConfiguration section */
		B6C54FF51DB59F1F00B5C6BD /* Debug */ = {
			isa = XCBuildConfiguration;
			buildSettings = {
				ALWAYS_SEARCH_USER_PATHS = NO;
				CLANG_ANALYZER_NONNULL = YES;
				CLANG_CXX_LANGUAGE_STANDARD = "gnu++0x";
				CLANG_CXX_LIBRARY = "libc++";
				CLANG_ENABLE_MODULES = YES;
				CLANG_ENABLE_OBJC_ARC = YES;
				CLANG_WARN_BOOL_CONVERSION = YES;
				CLANG_WARN_CONSTANT_CONVERSION = YES;
				CLANG_WARN_DIRECT_OBJC_ISA_USAGE = YES_ERROR;
				CLANG_WARN_EMPTY_BODY = YES;
				CLANG_WARN_ENUM_CONVERSION = YES;
				CLANG_WARN_INT_CONVERSION = YES;
				CLANG_WARN_OBJC_ROOT_CLASS = YES_ERROR;
				CLANG_WARN_UNREACHABLE_CODE = YES;
				CLANG_WARN__DUPLICATE_METHOD_MATCH = YES;
				"CODE_SIGN_IDENTITY[sdk=iphoneos*]" = "iPhone Developer";
				COPY_PHASE_STRIP = NO;
				DEBUG_INFORMATION_FORMAT = dwarf;
				ENABLE_STRICT_OBJC_MSGSEND = YES;
				ENABLE_TESTABILITY = YES;
				GCC_C_LANGUAGE_STANDARD = gnu99;
				GCC_DYNAMIC_NO_PIC = NO;
				GCC_NO_COMMON_BLOCKS = YES;
				GCC_OPTIMIZATION_LEVEL = 0;
				GCC_PREPROCESSOR_DEFINITIONS = (
					"DEBUG=1",
					"$(inherited)",
				);
				GCC_WARN_64_TO_32_BIT_CONVERSION = YES;
				GCC_WARN_ABOUT_RETURN_TYPE = YES_ERROR;
				GCC_WARN_UNDECLARED_SELECTOR = YES;
				GCC_WARN_UNINITIALIZED_AUTOS = YES_AGGRESSIVE;
				GCC_WARN_UNUSED_FUNCTION = YES;
				GCC_WARN_UNUSED_VARIABLE = YES;
				IPHONEOS_DEPLOYMENT_TARGET = 9.3;
				MTL_ENABLE_DEBUG_INFO = YES;
				ONLY_ACTIVE_ARCH = YES;
				SDKROOT = iphoneos;
				SWIFT_OPTIMIZATION_LEVEL = "-Onone";
				TARGETED_DEVICE_FAMILY = "1,2";
			};
			name = Debug;
		};
		B6C54FF61DB59F1F00B5C6BD /* Release */ = {
			isa = XCBuildConfiguration;
			buildSettings = {
				ALWAYS_SEARCH_USER_PATHS = NO;
				CLANG_ANALYZER_NONNULL = YES;
				CLANG_CXX_LANGUAGE_STANDARD = "gnu++0x";
				CLANG_CXX_LIBRARY = "libc++";
				CLANG_ENABLE_MODULES = YES;
				CLANG_ENABLE_OBJC_ARC = YES;
				CLANG_WARN_BOOL_CONVERSION = YES;
				CLANG_WARN_CONSTANT_CONVERSION = YES;
				CLANG_WARN_DIRECT_OBJC_ISA_USAGE = YES_ERROR;
				CLANG_WARN_EMPTY_BODY = YES;
				CLANG_WARN_ENUM_CONVERSION = YES;
				CLANG_WARN_INT_CONVERSION = YES;
				CLANG_WARN_OBJC_ROOT_CLASS = YES_ERROR;
				CLANG_WARN_UNREACHABLE_CODE = YES;
				CLANG_WARN__DUPLICATE_METHOD_MATCH = YES;
				"CODE_SIGN_IDENTITY[sdk=iphoneos*]" = "iPhone Developer";
				COPY_PHASE_STRIP = NO;
				DEBUG_INFORMATION_FORMAT = "dwarf-with-dsym";
				ENABLE_NS_ASSERTIONS = NO;
				ENABLE_STRICT_OBJC_MSGSEND = YES;
				GCC_C_LANGUAGE_STANDARD = gnu99;
				GCC_NO_COMMON_BLOCKS = YES;
				GCC_WARN_64_TO_32_BIT_CONVERSION = YES;
				GCC_WARN_ABOUT_RETURN_TYPE = YES_ERROR;
				GCC_WARN_UNDECLARED_SELECTOR = YES;
				GCC_WARN_UNINITIALIZED_AUTOS = YES_AGGRESSIVE;
				GCC_WARN_UNUSED_FUNCTION = YES;
				GCC_WARN_UNUSED_VARIABLE = YES;
				IPHONEOS_DEPLOYMENT_TARGET = 9.3;
				MTL_ENABLE_DEBUG_INFO = NO;
				SDKROOT = iphoneos;
				TARGETED_DEVICE_FAMILY = "1,2";
				VALIDATE_PRODUCT = YES;
			};
			name = Release;
		};
		B6C54FF81DB59F1F00B5C6BD /* Debug */ = {
			isa = XCBuildConfiguration;
			buildSettings = {
				ASSETCATALOG_COMPILER_APPICON_NAME = AppIcon;
				INFOPLIST_FILE = 2048/Info.plist;
				LD_RUNPATH_SEARCH_PATHS = "$(inherited) @executable_path/Frameworks";
				PRODUCT_BUNDLE_IDENTIFIER = "com.neusoft.-048";
				PRODUCT_NAME = "$(TARGET_NAME)";
				SWIFT_VERSION = 3.0;
			};
			name = Debug;
		};
		B6C54FF91DB59F1F00B5C6BD /* Release */ = {
			isa = XCBuildConfiguration;
			buildSettings = {
				ASSETCATALOG_COMPILER_APPICON_NAME = AppIcon;
				INFOPLIST_FILE = 2048/Info.plist;
				LD_RUNPATH_SEARCH_PATHS = "$(inherited) @executable_path/Frameworks";
				PRODUCT_BUNDLE_IDENTIFIER = "com.neusoft.-048";
				PRODUCT_NAME = "$(TARGET_NAME)";
				SWIFT_VERSION = 3.0;
			};
			name = Release;
		};
		B6C54FFB1DB59F1F00B5C6BD /* Debug */ = {
			isa = XCBuildConfiguration;
			buildSettings = {
				BUNDLE_LOADER = "$(TEST_HOST)";
				INFOPLIST_FILE = 2048Tests/Info.plist;
				LD_RUNPATH_SEARCH_PATHS = "$(inherited) @executable_path/Frameworks @loader_path/Frameworks";
				PRODUCT_BUNDLE_IDENTIFIER = "com.neusoft.-048Tests";
				PRODUCT_NAME = "$(TARGET_NAME)";
				SWIFT_VERSION = 3.0;
				TEST_HOST = "$(BUILT_PRODUCTS_DIR)/2048.app/2048";
			};
			name = Debug;
		};
		B6C54FFC1DB59F1F00B5C6BD /* Release */ = {
			isa = XCBuildConfiguration;
			buildSettings = {
				BUNDLE_LOADER = "$(TEST_HOST)";
				INFOPLIST_FILE = 2048Tests/Info.plist;
				LD_RUNPATH_SEARCH_PATHS = "$(inherited) @executable_path/Frameworks @loader_path/Frameworks";
				PRODUCT_BUNDLE_IDENTIFIER = "com.neusoft.-048Tests";
				PRODUCT_NAME = "$(TARGET_NAME)";
				SWIFT_VERSION = 3.0;
				TEST_HOST = "$(BUILT_PRODUCTS_DIR)/2048.app/2048";
			};
			name = Release;
		};
		B6C54FFE1DB59F1F00B5C6BD /* Debug */ = {
			isa = XCBuildConfiguration;
			buildSettings = {
				INFOPLIST_FILE = 2048UITests/Info.plist;
				LD_RUNPATH_SEARCH_PATHS = "$(inherited) @executable_path/Frameworks @loader_path/Frameworks";
				PRODUCT_BUNDLE_IDENTIFIER = "com.neusoft.-048UITests";
				PRODUCT_NAME = "$(TARGET_NAME)";
				SWIFT_VERSION = 3.0;
				TEST_TARGET_NAME = 2048;
			};
			name = Debug;
		};
		B6C54FFF1DB59F1F00B5C6BD /* Release */ = {
			isa = XCBuildConfiguration;
			buildSettings = {
				INFOPLIST_FILE = 2048UITests/Info.plist;
				LD_RUNPATH_SEARCH_PATHS = "$(inherited) @executable_path/Frameworks @loader_path/Frameworks";
				PRODUCT_BUNDLE_IDENTIFIER = "com.neusoft.-048UITests";
				PRODUCT_NAME = "$(TARGET_NAME)";
				SWIFT_VERSION = 3.0;
				TEST_TARGET_NAME = 2048;
			};
			name = Release;
		};
/* End XCBuildConfiguration section */

/* Begin XCConfigurationList section */
		B6C54FCA1DB59F1E00B5C6BD /* Build configuration list for PBXProject "2048" */ = {
			isa = XCConfigurationList;
			buildConfigurations = (
				B6C54FF51DB59F1F00B5C6BD /* Debug */,
				B6C54FF61DB59F1F00B5C6BD /* Release */,
			);
			defaultConfigurationIsVisible = 0;
			defaultConfigurationName = Release;
		};
		B6C54FF71DB59F1F00B5C6BD /* Build configuration list for PBXNativeTarget "2048" */ = {
			isa = XCConfigurationList;
			buildConfigurations = (
				B6C54FF81DB59F1F00B5C6BD /* Debug */,
				B6C54FF91DB59F1F00B5C6BD /* Release */,
			);
			defaultConfigurationIsVisible = 0;
			defaultConfigurationName = Release;
		};
		B6C54FFA1DB59F1F00B5C6BD /* Build configuration list for PBXNativeTarget "2048Tests" */ = {
			isa = XCConfigurationList;
			buildConfigurations = (
				B6C54FFB1DB59F1F00B5C6BD /* Debug */,
				B6C54FFC1DB59F1F00B5C6BD /* Release */,
			);
			defaultConfigurationIsVisible = 0;
			defaultConfigurationName = Release;
		};
		B6C54FFD1DB59F1F00B5C6BD /* Build configuration list for PBXNativeTarget "2048UITests" */ = {
			isa = XCConfigurationList;
			buildConfigurations = (
				B6C54FFE1DB59F1F00B5C6BD /* Debug */,
				B6C54FFF1DB59F1F00B5C6BD /* Release */,
			);
			defaultConfigurationIsVisible = 0;
			defaultConfigurationName = Release;
		};
/* End XCConfigurationList section */
	};
	rootObject = B6C54FC71DB59F1E00B5C6BD /* Project object */;
}
