// !$*UTF8*$!
{
	archiveVersion = 1;
	classes = {
	};
	objectVersion = 46;
	objects = {

/* Begin PBXBuildFile section */
		B6201BC91DCAD7CC000C3035 /* AppDelegate.swift in Sources */ = {isa = PBXBuildFile; fileRef = B6201BC81DCAD7CC000C3035 /* AppDelegate.swift */; };
		B6201BCB1DCAD7CC000C3035 /* ViewController.swift in Sources */ = {isa = PBXBuildFile; fileRef = B6201BCA1DCAD7CC000C3035 /* ViewController.swift */; };
		B6201BCE1DCAD7CC000C3035 /* Main.storyboard in Resources */ = {isa = PBXBuildFile; fileRef = B6201BCC1DCAD7CC000C3035 /* Main.storyboard */; };
		B6201BD01DCAD7CC000C3035 /* Assets.xcassets in Resources */ = {isa = PBXBuildFile; fileRef = B6201BCF1DCAD7CC000C3035 /* Assets.xcassets */; };
		B6201BD31DCAD7CC000C3035 /* LaunchScreen.storyboard in Resources */ = {isa = PBXBuildFile; fileRef = B6201BD11DCAD7CC000C3035 /* LaunchScreen.storyboard */; };
		B6201BDE1DCAD7CD000C3035 /* TableSampleTests.swift in Sources */ = {isa = PBXBuildFile; fileRef = B6201BDD1DCAD7CD000C3035 /* TableSampleTests.swift */; };
		B6201BE91DCAD7CD000C3035 /* TableSampleUITests.swift in Sources */ = {isa = PBXBuildFile; fileRef = B6201BE81DCAD7CD000C3035 /* TableSampleUITests.swift */; };
		B6201C181DCAD7EE000C3035 /* Algeria.png in Resources */ = {isa = PBXBuildFile; fileRef = B6201BF71DCAD7EE000C3035 /* Algeria.png */; };
		B6201C191DCAD7EE000C3035 /* Argentina.png in Resources */ = {isa = PBXBuildFile; fileRef = B6201BF81DCAD7EE000C3035 /* Argentina.png */; };
		B6201C1A1DCAD7EE000C3035 /* Australia.png in Resources */ = {isa = PBXBuildFile; fileRef = B6201BF91DCAD7EE000C3035 /* Australia.png */; };
		B6201C1B1DCAD7EE000C3035 /* Brazil.png in Resources */ = {isa = PBXBuildFile; fileRef = B6201BFA1DCAD7EE000C3035 /* Brazil.png */; };
		B6201C1C1DCAD7EE000C3035 /* Cameroon.png in Resources */ = {isa = PBXBuildFile; fileRef = B6201BFB1DCAD7EE000C3035 /* Cameroon.png */; };
		B6201C1D1DCAD7EE000C3035 /* Chile.png in Resources */ = {isa = PBXBuildFile; fileRef = B6201BFC1DCAD7EE000C3035 /* Chile.png */; };
		B6201C1E1DCAD7EE000C3035 /* CoteDIvoire.png in Resources */ = {isa = PBXBuildFile; fileRef = B6201BFD1DCAD7EE000C3035 /* CoteDIvoire.png */; };
		B6201C1F1DCAD7EE000C3035 /* Denmark.png in Resources */ = {isa = PBXBuildFile; fileRef = B6201BFE1DCAD7EE000C3035 /* Denmark.png */; };
		B6201C201DCAD7EE000C3035 /* England.png in Resources */ = {isa = PBXBuildFile; fileRef = B6201BFF1DCAD7EE000C3035 /* England.png */; };
		B6201C211DCAD7EE000C3035 /* France.png in Resources */ = {isa = PBXBuildFile; fileRef = B6201C001DCAD7EE000C3035 /* France.png */; };
		B6201C221DCAD7EE000C3035 /* Germany.png in Resources */ = {isa = PBXBuildFile; fileRef = B6201C011DCAD7EE000C3035 /* Germany.png */; };
		B6201C231DCAD7EE000C3035 /* Ghana.png in Resources */ = {isa = PBXBuildFile; fileRef = B6201C021DCAD7EE000C3035 /* Ghana.png */; };
		B6201C241DCAD7EE000C3035 /* Greece.png in Resources */ = {isa = PBXBuildFile; fileRef = B6201C031DCAD7EE000C3035 /* Greece.png */; };
		B6201C251DCAD7EE000C3035 /* Holland.png in Resources */ = {isa = PBXBuildFile; fileRef = B6201C041DCAD7EE000C3035 /* Holland.png */; };
		B6201C261DCAD7EE000C3035 /* Honduras.png in Resources */ = {isa = PBXBuildFile; fileRef = B6201C051DCAD7EE000C3035 /* Honduras.png */; };
		B6201C271DCAD7EE000C3035 /* Italy.png in Resources */ = {isa = PBXBuildFile; fileRef = B6201C061DCAD7EE000C3035 /* Italy.png */; };
		B6201C281DCAD7EE000C3035 /* Japan.png in Resources */ = {isa = PBXBuildFile; fileRef = B6201C071DCAD7EE000C3035 /* Japan.png */; };
		B6201C291DCAD7EE000C3035 /* Mexico.png in Resources */ = {isa = PBXBuildFile; fileRef = B6201C081DCAD7EE000C3035 /* Mexico.png */; };
		B6201C2A1DCAD7EE000C3035 /* NewZealand.png in Resources */ = {isa = PBXBuildFile; fileRef = B6201C091DCAD7EE000C3035 /* NewZealand.png */; };
		B6201C2B1DCAD7EE000C3035 /* Nigeria.png in Resources */ = {isa = PBXBuildFile; fileRef = B6201C0A1DCAD7EE000C3035 /* Nigeria.png */; };
		B6201C2C1DCAD7EE000C3035 /* NorthKorea.png in Resources */ = {isa = PBXBuildFile; fileRef = B6201C0B1DCAD7EE000C3035 /* NorthKorea.png */; };
		B6201C2D1DCAD7EE000C3035 /* Paraguay.png in Resources */ = {isa = PBXBuildFile; fileRef = B6201C0C1DCAD7EE000C3035 /* Paraguay.png */; };
		B6201C2E1DCAD7EE000C3035 /* Portugal.png in Resources */ = {isa = PBXBuildFile; fileRef = B6201C0D1DCAD7EE000C3035 /* Portugal.png */; };
		B6201C2F1DCAD7EE000C3035 /* Serbia.png in Resources */ = {isa = PBXBuildFile; fileRef = B6201C0E1DCAD7EE000C3035 /* Serbia.png */; };
		B6201C301DCAD7EE000C3035 /* Slovakia.png in Resources */ = {isa = PBXBuildFile; fileRef = B6201C0F1DCAD7EE000C3035 /* Slovakia.png */; };
		B6201C311DCAD7EE000C3035 /* Slovenia.png in Resources */ = {isa = PBXBuildFile; fileRef = B6201C101DCAD7EE000C3035 /* Slovenia.png */; };
		B6201C321DCAD7EE000C3035 /* SouthAfrica.png in Resources */ = {isa = PBXBuildFile; fileRef = B6201C111DCAD7EE000C3035 /* SouthAfrica.png */; };
		B6201C331DCAD7EE000C3035 /* SouthKorea.png in Resources */ = {isa = PBXBuildFile; fileRef = B6201C121DCAD7EE000C3035 /* SouthKorea.png */; };
		B6201C341DCAD7EE000C3035 /* Spain.png in Resources */ = {isa = PBXBuildFile; fileRef = B6201C131DCAD7EE000C3035 /* Spain.png */; };
		B6201C351DCAD7EE000C3035 /* Switzerland.png in Resources */ = {isa = PBXBuildFile; fileRef = B6201C141DCAD7EE000C3035 /* Switzerland.png */; };
		B6201C361DCAD7EE000C3035 /* Uruguay.png in Resources */ = {isa = PBXBuildFile; fileRef = B6201C151DCAD7EE000C3035 /* Uruguay.png */; };
		B6201C371DCAD7EE000C3035 /* USA.png in Resources */ = {isa = PBXBuildFile; fileRef = B6201C161DCAD7EE000C3035 /* USA.png */; };
		B6201C381DCAD7EE000C3035 /* team.plist in Resources */ = {isa = PBXBuildFile; fileRef = B6201C171DCAD7EE000C3035 /* team.plist */; };
/* End PBXBuildFile section */

/* Begin PBXContainerItemProxy section */
		B6201BDA1DCAD7CD000C3035 /* PBXContainerItemProxy */ = {
			isa = PBXContainerItemProxy;
			containerPortal = B6201BBD1DCAD7CC000C3035 /* Project object */;
			proxyType = 1;
			remoteGlobalIDString = B6201BC41DCAD7CC000C3035;
			remoteInfo = TableSample;
		};
		B6201BE51DCAD7CD000C3035 /* PBXContainerItemProxy */ = {
			isa = PBXContainerItemProxy;
			containerPortal = B6201BBD1DCAD7CC000C3035 /* Project object */;
			proxyType = 1;
			remoteGlobalIDString = B6201BC41DCAD7CC000C3035;
			remoteInfo = TableSample;
		};
/* End PBXContainerItemProxy section */

/* Begin PBXFileReference section */
		B6201BC51DCAD7CC000C3035 /* TableSample.app */ = {isa = PBXFileReference; explicitFileType = wrapper.application; includeInIndex = 0; path = TableSample.app; sourceTree = BUILT_PRODUCTS_DIR; };
		B6201BC81DCAD7CC000C3035 /* AppDelegate.swift */ = {isa = PBXFileReference; lastKnownFileType = sourcecode.swift; path = AppDelegate.swift; sourceTree = "<group>"; };
		B6201BCA1DCAD7CC000C3035 /* ViewController.swift */ = {isa = PBXFileReference; lastKnownFileType = sourcecode.swift; path = ViewController.swift; sourceTree = "<group>"; };
		B6201BCD1DCAD7CC000C3035 /* Base */ = {isa = PBXFileReference; lastKnownFileType = file.storyboard; name = Base; path = Base.lproj/Main.storyboard; sourceTree = "<group>"; };
		B6201BCF1DCAD7CC000C3035 /* Assets.xcassets */ = {isa = PBXFileReference; lastKnownFileType = folder.assetcatalog; path = Assets.xcassets; sourceTree = "<group>"; };
		B6201BD21DCAD7CC000C3035 /* Base */ = {isa = PBXFileReference; lastKnownFileType = file.storyboard; name = Base; path = Base.lproj/LaunchScreen.storyboard; sourceTree = "<group>"; };
		B6201BD41DCAD7CC000C3035 /* Info.plist */ = {isa = PBXFileReference; lastKnownFileType = text.plist.xml; path = Info.plist; sourceTree = "<group>"; };
		B6201BD91DCAD7CD000C3035 /* TableSampleTests.xctest */ = {isa = PBXFileReference; explicitFileType = wrapper.cfbundle; includeInIndex = 0; path = TableSampleTests.xctest; sourceTree = BUILT_PRODUCTS_DIR; };
		B6201BDD1DCAD7CD000C3035 /* TableSampleTests.swift */ = {isa = PBXFileReference; lastKnownFileType = sourcecode.swift; path = TableSampleTests.swift; sourceTree = "<group>"; };
		B6201BDF1DCAD7CD000C3035 /* Info.plist */ = {isa = PBXFileReference; lastKnownFileType = text.plist.xml; path = Info.plist; sourceTree = "<group>"; };
		B6201BE41DCAD7CD000C3035 /* TableSampleUITests.xctest */ = {isa = PBXFileReference; explicitFileType = wrapper.cfbundle; includeInIndex = 0; path = TableSampleUITests.xctest; sourceTree = BUILT_PRODUCTS_DIR; };
		B6201BE81DCAD7CD000C3035 /* TableSampleUITests.swift */ = {isa = PBXFileReference; lastKnownFileType = sourcecode.swift; path = TableSampleUITests.swift; sourceTree = "<group>"; };
		B6201BEA1DCAD7CD000C3035 /* Info.plist */ = {isa = PBXFileReference; lastKnownFileType = text.plist.xml; path = Info.plist; sourceTree = "<group>"; };
		B6201BF71DCAD7EE000C3035 /* Algeria.png */ = {isa = PBXFileReference; lastKnownFileType = image.png; path = Algeria.png; sourceTree = "<group>"; };
		B6201BF81DCAD7EE000C3035 /* Argentina.png */ = {isa = PBXFileReference; lastKnownFileType = image.png; path = Argentina.png; sourceTree = "<group>"; };
		B6201BF91DCAD7EE000C3035 /* Australia.png */ = {isa = PBXFileReference; lastKnownFileType = image.png; path = Australia.png; sourceTree = "<group>"; };
		B6201BFA1DCAD7EE000C3035 /* Brazil.png */ = {isa = PBXFileReference; lastKnownFileType = image.png; path = Brazil.png; sourceTree = "<group>"; };
		B6201BFB1DCAD7EE000C3035 /* Cameroon.png */ = {isa = PBXFileReference; lastKnownFileType = image.png; path = Cameroon.png; sourceTree = "<group>"; };
		B6201BFC1DCAD7EE000C3035 /* Chile.png */ = {isa = PBXFileReference; lastKnownFileType = image.png; path = Chile.png; sourceTree = "<group>"; };
		B6201BFD1DCAD7EE000C3035 /* CoteDIvoire.png */ = {isa = PBXFileReference; lastKnownFileType = image.png; path = CoteDIvoire.png; sourceTree = "<group>"; };
		B6201BFE1DCAD7EE000C3035 /* Denmark.png */ = {isa = PBXFileReference; lastKnownFileType = image.png; path = Denmark.png; sourceTree = "<group>"; };
		B6201BFF1DCAD7EE000C3035 /* England.png */ = {isa = PBXFileReference; lastKnownFileType = image.png; path = England.png; sourceTree = "<group>"; };
		B6201C001DCAD7EE000C3035 /* France.png */ = {isa = PBXFileReference; lastKnownFileType = image.png; path = France.png; sourceTree = "<group>"; };
		B6201C011DCAD7EE000C3035 /* Germany.png */ = {isa = PBXFileReference; lastKnownFileType = image.png; path = Germany.png; sourceTree = "<group>"; };
		B6201C021DCAD7EE000C3035 /* Ghana.png */ = {isa = PBXFileReference; lastKnownFileType = image.png; path = Ghana.png; sourceTree = "<group>"; };
		B6201C031DCAD7EE000C3035 /* Greece.png */ = {isa = PBXFileReference; lastKnownFileType = image.png; path = Greece.png; sourceTree = "<group>"; };
		B6201C041DCAD7EE000C3035 /* Holland.png */ = {isa = PBXFileReference; lastKnownFileType = image.png; path = Holland.png; sourceTree = "<group>"; };
		B6201C051DCAD7EE000C3035 /* Honduras.png */ = {isa = PBXFileReference; lastKnownFileType = image.png; path = Honduras.png; sourceTree = "<group>"; };
		B6201C061DCAD7EE000C3035 /* Italy.png */ = {isa = PBXFileReference; lastKnownFileType = image.png; path = Italy.png; sourceTree = "<group>"; };
		B6201C071DCAD7EE000C3035 /* Japan.png */ = {isa = PBXFileReference; lastKnownFileType = image.png; path = Japan.png; sourceTree = "<group>"; };
		B6201C081DCAD7EE000C3035 /* Mexico.png */ = {isa = PBXFileReference; lastKnownFileType = image.png; path = Mexico.png; sourceTree = "<group>"; };
		B6201C091DCAD7EE000C3035 /* NewZealand.png */ = {isa = PBXFileReference; lastKnownFileType = image.png; path = NewZealand.png; sourceTree = "<group>"; };
		B6201C0A1DCAD7EE000C3035 /* Nigeria.png */ = {isa = PBXFileReference; lastKnownFileType = image.png; path = Nigeria.png; sourceTree = "<group>"; };
		B6201C0B1DCAD7EE000C3035 /* NorthKorea.png */ = {isa = PBXFileReference; lastKnownFileType = image.png; path = NorthKorea.png; sourceTree = "<group>"; };
		B6201C0C1DCAD7EE000C3035 /* Paraguay.png */ = {isa = PBXFileReference; lastKnownFileType = image.png; path = Paraguay.png; sourceTree = "<group>"; };
		B6201C0D1DCAD7EE000C3035 /* Portugal.png */ = {isa = PBXFileReference; lastKnownFileType = image.png; path = Portugal.png; sourceTree = "<group>"; };
		B6201C0E1DCAD7EE000C3035 /* Serbia.png */ = {isa = PBXFileReference; lastKnownFileType = image.png; path = Serbia.png; sourceTree = "<group>"; };
		B6201C0F1DCAD7EE000C3035 /* Slovakia.png */ = {isa = PBXFileReference; lastKnownFileType = image.png; path = Slovakia.png; sourceTree = "<group>"; };
		B6201C101DCAD7EE000C3035 /* Slovenia.png */ = {isa = PBXFileReference; lastKnownFileType = image.png; path = Slovenia.png; sourceTree = "<group>"; };
		B6201C111DCAD7EE000C3035 /* SouthAfrica.png */ = {isa = PBXFileReference; lastKnownFileType = image.png; path = SouthAfrica.png; sourceTree = "<group>"; };
		B6201C121DCAD7EE000C3035 /* SouthKorea.png */ = {isa = PBXFileReference; lastKnownFileType = image.png; path = SouthKorea.png; sourceTree = "<group>"; };
		B6201C131DCAD7EE000C3035 /* Spain.png */ = {isa = PBXFileReference; lastKnownFileType = image.png; path = Spain.png; sourceTree = "<group>"; };
		B6201C141DCAD7EE000C3035 /* Switzerland.png */ = {isa = PBXFileReference; lastKnownFileType = image.png; path = Switzerland.png; sourceTree = "<group>"; };
		B6201C151DCAD7EE000C3035 /* Uruguay.png */ = {isa = PBXFileReference; lastKnownFileType = image.png; path = Uruguay.png; sourceTree = "<group>"; };
		B6201C161DCAD7EE000C3035 /* USA.png */ = {isa = PBXFileReference; lastKnownFileType = image.png; path = USA.png; sourceTree = "<group>"; };
		B6201C171DCAD7EE000C3035 /* team.plist */ = {isa = PBXFileReference; fileEncoding = 4; lastKnownFileType = text.plist.xml; path = team.plist; sourceTree = "<group>"; };
/* End PBXFileReference section */

/* Begin PBXFrameworksBuildPhase section */
		B6201BC21DCAD7CC000C3035 /* Frameworks */ = {
			isa = PBXFrameworksBuildPhase;
			buildActionMask = 2147483647;
			files = (
			);
			runOnlyForDeploymentPostprocessing = 0;
		};
		B6201BD61DCAD7CD000C3035 /* Frameworks */ = {
			isa = PBXFrameworksBuildPhase;
			buildActionMask = 2147483647;
			files = (
			);
			runOnlyForDeploymentPostprocessing = 0;
		};
		B6201BE11DCAD7CD000C3035 /* Frameworks */ = {
			isa = PBXFrameworksBuildPhase;
			buildActionMask = 2147483647;
			files = (
			);
			runOnlyForDeploymentPostprocessing = 0;
		};
/* End PBXFrameworksBuildPhase section */

/* Begin PBXGroup section */
		B6201BBC1DCAD7CC000C3035 = {
			isa = PBXGroup;
			children = (
				B6201BF61DCAD7EE000C3035 /* 球队图片 */,
				B6201C171DCAD7EE000C3035 /* team.plist */,
				B6201BC71DCAD7CC000C3035 /* TableSample */,
				B6201BDC1DCAD7CD000C3035 /* TableSampleTests */,
				B6201BE71DCAD7CD000C3035 /* TableSampleUITests */,
				B6201BC61DCAD7CC000C3035 /* Products */,
			);
			sourceTree = "<group>";
		};
		B6201BC61DCAD7CC000C3035 /* Products */ = {
			isa = PBXGroup;
			children = (
				B6201BC51DCAD7CC000C3035 /* TableSample.app */,
				B6201BD91DCAD7CD000C3035 /* TableSampleTests.xctest */,
				B6201BE41DCAD7CD000C3035 /* TableSampleUITests.xctest */,
			);
			name = Products;
			sourceTree = "<group>";
		};
		B6201BC71DCAD7CC000C3035 /* TableSample */ = {
			isa = PBXGroup;
			children = (
				B6201BC81DCAD7CC000C3035 /* AppDelegate.swift */,
				B6201BCA1DCAD7CC000C3035 /* ViewController.swift */,
				B6201BCC1DCAD7CC000C3035 /* Main.storyboard */,
				B6201BCF1DCAD7CC000C3035 /* Assets.xcassets */,
				B6201BD11DCAD7CC000C3035 /* LaunchScreen.storyboard */,
				B6201BD41DCAD7CC000C3035 /* Info.plist */,
			);
			path = TableSample;
			sourceTree = "<group>";
		};
		B6201BDC1DCAD7CD000C3035 /* TableSampleTests */ = {
			isa = PBXGroup;
			children = (
				B6201BDD1DCAD7CD000C3035 /* TableSampleTests.swift */,
				B6201BDF1DCAD7CD000C3035 /* Info.plist */,
			);
			path = TableSampleTests;
			sourceTree = "<group>";
		};
		B6201BE71DCAD7CD000C3035 /* TableSampleUITests */ = {
			isa = PBXGroup;
			children = (
				B6201BE81DCAD7CD000C3035 /* TableSampleUITests.swift */,
				B6201BEA1DCAD7CD000C3035 /* Info.plist */,
			);
			path = TableSampleUITests;
			sourceTree = "<group>";
		};
		B6201BF61DCAD7EE000C3035 /* 球队图片 */ = {
			isa = PBXGroup;
			children = (
				B6201BF71DCAD7EE000C3035 /* Algeria.png */,
				B6201BF81DCAD7EE000C3035 /* Argentina.png */,
				B6201BF91DCAD7EE000C3035 /* Australia.png */,
				B6201BFA1DCAD7EE000C3035 /* Brazil.png */,
				B6201BFB1DCAD7EE000C3035 /* Cameroon.png */,
				B6201BFC1DCAD7EE000C3035 /* Chile.png */,
				B6201BFD1DCAD7EE000C3035 /* CoteDIvoire.png */,
				B6201BFE1DCAD7EE000C3035 /* Denmark.png */,
				B6201BFF1DCAD7EE000C3035 /* England.png */,
				B6201C001DCAD7EE000C3035 /* France.png */,
				B6201C011DCAD7EE000C3035 /* Germany.png */,
				B6201C021DCAD7EE000C3035 /* Ghana.png */,
				B6201C031DCAD7EE000C3035 /* Greece.png */,
				B6201C041DCAD7EE000C3035 /* Holland.png */,
				B6201C051DCAD7EE000C3035 /* Honduras.png */,
				B6201C061DCAD7EE000C3035 /* Italy.png */,
				B6201C071DCAD7EE000C3035 /* Japan.png */,
				B6201C081DCAD7EE000C3035 /* Mexico.png */,
				B6201C091DCAD7EE000C3035 /* NewZealand.png */,
				B6201C0A1DCAD7EE000C3035 /* Nigeria.png */,
				B6201C0B1DCAD7EE000C3035 /* NorthKorea.png */,
				B6201C0C1DCAD7EE000C3035 /* Paraguay.png */,
				B6201C0D1DCAD7EE000C3035 /* Portugal.png */,
				B6201C0E1DCAD7EE000C3035 /* Serbia.png */,
				B6201C0F1DCAD7EE000C3035 /* Slovakia.png */,
				B6201C101DCAD7EE000C3035 /* Slovenia.png */,
				B6201C111DCAD7EE000C3035 /* SouthAfrica.png */,
				B6201C121DCAD7EE000C3035 /* SouthKorea.png */,
				B6201C131DCAD7EE000C3035 /* Spain.png */,
				B6201C141DCAD7EE000C3035 /* Switzerland.png */,
				B6201C151DCAD7EE000C3035 /* Uruguay.png */,
				B6201C161DCAD7EE000C3035 /* USA.png */,
			);
			path = "球队图片";
			sourceTree = "<group>";
		};
/* End PBXGroup section */

/* Begin PBXNativeTarget section */
		B6201BC41DCAD7CC000C3035 /* TableSample */ = {
			isa = PBXNativeTarget;
			buildConfigurationList = B6201BED1DCAD7CD000C3035 /* Build configuration list for PBXNativeTarget "TableSample" */;
			buildPhases = (
				B6201BC11DCAD7CC000C3035 /* Sources */,
				B6201BC21DCAD7CC000C3035 /* Frameworks */,
				B6201BC31DCAD7CC000C3035 /* Resources */,
			);
			buildRules = (
			);
			dependencies = (
			);
			name = TableSample;
			productName = TableSample;
			productReference = B6201BC51DCAD7CC000C3035 /* TableSample.app */;
			productType = "com.apple.product-type.application";
		};
		B6201BD81DCAD7CD000C3035 /* TableSampleTests */ = {
			isa = PBXNativeTarget;
			buildConfigurationList = B6201BF01DCAD7CD000C3035 /* Build configuration list for PBXNativeTarget "TableSampleTests" */;
			buildPhases = (
				B6201BD51DCAD7CD000C3035 /* Sources */,
				B6201BD61DCAD7CD000C3035 /* Frameworks */,
				B6201BD71DCAD7CD000C3035 /* Resources */,
			);
			buildRules = (
			);
			dependencies = (
				B6201BDB1DCAD7CD000C3035 /* PBXTargetDependency */,
			);
			name = TableSampleTests;
			productName = TableSampleTests;
			productReference = B6201BD91DCAD7CD000C3035 /* TableSampleTests.xctest */;
			productType = "com.apple.product-type.bundle.unit-test";
		};
		B6201BE31DCAD7CD000C3035 /* TableSampleUITests */ = {
			isa = PBXNativeTarget;
			buildConfigurationList = B6201BF31DCAD7CD000C3035 /* Build configuration list for PBXNativeTarget "TableSampleUITests" */;
			buildPhases = (
				B6201BE01DCAD7CD000C3035 /* Sources */,
				B6201BE11DCAD7CD000C3035 /* Frameworks */,
				B6201BE21DCAD7CD000C3035 /* Resources */,
			);
			buildRules = (
			);
			dependencies = (
				B6201BE61DCAD7CD000C3035 /* PBXTargetDependency */,
			);
			name = TableSampleUITests;
			productName = TableSampleUITests;
			productReference = B6201BE41DCAD7CD000C3035 /* TableSampleUITests.xctest */;
			productType = "com.apple.product-type.bundle.ui-testing";
		};
/* End PBXNativeTarget section */

/* Begin PBXProject section */
		B6201BBD1DCAD7CC000C3035 /* Project object */ = {
			isa = PBXProject;
			attributes = {
				LastSwiftUpdateCheck = 0810;
				LastUpgradeCheck = 0810;
				ORGANIZATIONNAME = Freeman;
				TargetAttributes = {
					B6201BC41DCAD7CC000C3035 = {
						CreatedOnToolsVersion = 8.1;
						ProvisioningStyle = Automatic;
					};
					B6201BD81DCAD7CD000C3035 = {
						CreatedOnToolsVersion = 8.1;
						ProvisioningStyle = Automatic;
						TestTargetID = B6201BC41DCAD7CC000C3035;
					};
					B6201BE31DCAD7CD000C3035 = {
						CreatedOnToolsVersion = 8.1;
						ProvisioningStyle = Automatic;
						TestTargetID = B6201BC41DCAD7CC000C3035;
					};
				};
			};
			buildConfigurationList = B6201BC01DCAD7CC000C3035 /* Build configuration list for PBXProject "TableSample" */;
			compatibilityVersion = "Xcode 3.2";
			developmentRegion = English;
			hasScannedForEncodings = 0;
			knownRegions = (
				en,
				Base,
			);
			mainGroup = B6201BBC1DCAD7CC000C3035;
			productRefGroup = B6201BC61DCAD7CC000C3035 /* Products */;
			projectDirPath = "";
			projectRoot = "";
			targets = (
				B6201BC41DCAD7CC000C3035 /* TableSample */,
				B6201BD81DCAD7CD000C3035 /* TableSampleTests */,
				B6201BE31DCAD7CD000C3035 /* TableSampleUITests */,
			);
		};
/* End PBXProject section */

/* Begin PBXResourcesBuildPhase section */
		B6201BC31DCAD7CC000C3035 /* Resources */ = {
			isa = PBXResourcesBuildPhase;
			buildActionMask = 2147483647;
			files = (
				B6201C371DCAD7EE000C3035 /* USA.png in Resources */,
				B6201BD31DCAD7CC000C3035 /* LaunchScreen.storyboard in Resources */,
				B6201C191DCAD7EE000C3035 /* Argentina.png in Resources */,
				B6201C361DCAD7EE000C3035 /* Uruguay.png in Resources */,
				B6201C271DCAD7EE000C3035 /* Italy.png in Resources */,
				B6201C2E1DCAD7EE000C3035 /* Portugal.png in Resources */,
				B6201C251DCAD7EE000C3035 /* Holland.png in Resources */,
				B6201C1A1DCAD7EE000C3035 /* Australia.png in Resources */,
				B6201C221DCAD7EE000C3035 /* Germany.png in Resources */,
				B6201C2C1DCAD7EE000C3035 /* NorthKorea.png in Resources */,
				B6201C201DCAD7EE000C3035 /* England.png in Resources */,
				B6201C1F1DCAD7EE000C3035 /* Denmark.png in Resources */,
				B6201C351DCAD7EE000C3035 /* Switzerland.png in Resources */,
				B6201C2F1DCAD7EE000C3035 /* Serbia.png in Resources */,
				B6201C261DCAD7EE000C3035 /* Honduras.png in Resources */,
				B6201C2B1DCAD7EE000C3035 /* Nigeria.png in Resources */,
				B6201C301DCAD7EE000C3035 /* Slovakia.png in Resources */,
				B6201C331DCAD7EE000C3035 /* SouthKorea.png in Resources */,
				B6201C291DCAD7EE000C3035 /* Mexico.png in Resources */,
				B6201C381DCAD7EE000C3035 /* team.plist in Resources */,
				B6201C1C1DCAD7EE000C3035 /* Cameroon.png in Resources */,
				B6201C281DCAD7EE000C3035 /* Japan.png in Resources */,
				B6201BD01DCAD7CC000C3035 /* Assets.xcassets in Resources */,
				B6201C241DCAD7EE000C3035 /* Greece.png in Resources */,
				B6201C2A1DCAD7EE000C3035 /* NewZealand.png in Resources */,
				B6201C211DCAD7EE000C3035 /* France.png in Resources */,
				B6201BCE1DCAD7CC000C3035 /* Main.storyboard in Resources */,
				B6201C341DCAD7EE000C3035 /* Spain.png in Resources */,
				B6201C1B1DCAD7EE000C3035 /* Brazil.png in Resources */,
				B6201C231DCAD7EE000C3035 /* Ghana.png in Resources */,
				B6201C1E1DCAD7EE000C3035 /* CoteDIvoire.png in Resources */,
				B6201C1D1DCAD7EE000C3035 /* Chile.png in Resources */,
				B6201C181DCAD7EE000C3035 /* Algeria.png in Resources */,
				B6201C321DCAD7EE000C3035 /* SouthAfrica.png in Resources */,
				B6201C311DCAD7EE000C3035 /* Slovenia.png in Resources */,
				B6201C2D1DCAD7EE000C3035 /* Paraguay.png in Resources */,
			);
			runOnlyForDeploymentPostprocessing = 0;
		};
		B6201BD71DCAD7CD000C3035 /* Resources */ = {
			isa = PBXResourcesBuildPhase;
			buildActionMask = 2147483647;
			files = (
			);
			runOnlyForDeploymentPostprocessing = 0;
		};
		B6201BE21DCAD7CD000C3035 /* Resources */ = {
			isa = PBXResourcesBuildPhase;
			buildActionMask = 2147483647;
			files = (
			);
			runOnlyForDeploymentPostprocessing = 0;
		};
/* End PBXResourcesBuildPhase section */

/* Begin PBXSourcesBuildPhase section */
		B6201BC11DCAD7CC000C3035 /* Sources */ = {
			isa = PBXSourcesBuildPhase;
			buildActionMask = 2147483647;
			files = (
				B6201BCB1DCAD7CC000C3035 /* ViewController.swift in Sources */,
				B6201BC91DCAD7CC000C3035 /* AppDelegate.swift in Sources */,
			);
			runOnlyForDeploymentPostprocessing = 0;
		};
		B6201BD51DCAD7CD000C3035 /* Sources */ = {
			isa = PBXSourcesBuildPhase;
			buildActionMask = 2147483647;
			files = (
				B6201BDE1DCAD7CD000C3035 /* TableSampleTests.swift in Sources */,
			);
			runOnlyForDeploymentPostprocessing = 0;
		};
		B6201BE01DCAD7CD000C3035 /* Sources */ = {
			isa = PBXSourcesBuildPhase;
			buildActionMask = 2147483647;
			files = (
				B6201BE91DCAD7CD000C3035 /* TableSampleUITests.swift in Sources */,
			);
			runOnlyForDeploymentPostprocessing = 0;
		};
/* End PBXSourcesBuildPhase section */

/* Begin PBXTargetDependency section */
		B6201BDB1DCAD7CD000C3035 /* PBXTargetDependency */ = {
			isa = PBXTargetDependency;
			target = B6201BC41DCAD7CC000C3035 /* TableSample */;
			targetProxy = B6201BDA1DCAD7CD000C3035 /* PBXContainerItemProxy */;
		};
		B6201BE61DCAD7CD000C3035 /* PBXTargetDependency */ = {
			isa = PBXTargetDependency;
			target = B6201BC41DCAD7CC000C3035 /* TableSample */;
			targetProxy = B6201BE51DCAD7CD000C3035 /* PBXContainerItemProxy */;
		};
/* End PBXTargetDependency section */

/* Begin PBXVariantGroup section */
		B6201BCC1DCAD7CC000C3035 /* Main.storyboard */ = {
			isa = PBXVariantGroup;
			children = (
				B6201BCD1DCAD7CC000C3035 /* Base */,
			);
			name = Main.storyboard;
			sourceTree = "<group>";
		};
		B6201BD11DCAD7CC000C3035 /* LaunchScreen.storyboard */ = {
			isa = PBXVariantGroup;
			children = (
				B6201BD21DCAD7CC000C3035 /* Base */,
			);
			name = LaunchScreen.storyboard;
			sourceTree = "<group>";
		};
/* End PBXVariantGroup section */

/* Begin XCBuildConfiguration section */
		B6201BEB1DCAD7CD000C3035 /* Debug */ = {
			isa = XCBuildConfiguration;
			buildSettings = {
				ALWAYS_SEARCH_USER_PATHS = NO;
				CLANG_ANALYZER_NONNULL = YES;
				CLANG_CXX_LANGUAGE_STANDARD = "gnu++0x";
				CLANG_CXX_LIBRARY = "libc++";
				CLANG_ENABLE_MODULES = YES;
				CLANG_ENABLE_OBJC_ARC = YES;
				CLANG_WARN_BOOL_CONVERSION = YES;
				CLANG_WARN_CONSTANT_CONVERSION = YES;
				CLANG_WARN_DIRECT_OBJC_ISA_USAGE = YES_ERROR;
				CLANG_WARN_DOCUMENTATION_COMMENTS = YES;
				CLANG_WARN_EMPTY_BODY = YES;
				CLANG_WARN_ENUM_CONVERSION = YES;
				CLANG_WARN_INFINITE_RECURSION = YES;
				CLANG_WARN_INT_CONVERSION = YES;
				CLANG_WARN_OBJC_ROOT_CLASS = YES_ERROR;
				CLANG_WARN_SUSPICIOUS_MOVES = YES;
				CLANG_WARN_UNREACHABLE_CODE = YES;
				CLANG_WARN__DUPLICATE_METHOD_MATCH = YES;
				"CODE_SIGN_IDENTITY[sdk=iphoneos*]" = "iPhone Developer";
				COPY_PHASE_STRIP = NO;
				DEBUG_INFORMATION_FORMAT = dwarf;
				ENABLE_STRICT_OBJC_MSGSEND = YES;
				ENABLE_TESTABILITY = YES;
				GCC_C_LANGUAGE_STANDARD = gnu99;
				GCC_DYNAMIC_NO_PIC = NO;
				GCC_NO_COMMON_BLOCKS = YES;
				GCC_OPTIMIZATION_LEVEL = 0;
				GCC_PREPROCESSOR_DEFINITIONS = (
					"DEBUG=1",
					"$(inherited)",
				);
				GCC_WARN_64_TO_32_BIT_CONVERSION = YES;
				GCC_WARN_ABOUT_RETURN_TYPE = YES_ERROR;
				GCC_WARN_UNDECLARED_SELECTOR = YES;
				GCC_WARN_UNINITIALIZED_AUTOS = YES_AGGRESSIVE;
				GCC_WARN_UNUSED_FUNCTION = YES;
				GCC_WARN_UNUSED_VARIABLE = YES;
				IPHONEOS_DEPLOYMENT_TARGET = 10.1;
				MTL_ENABLE_DEBUG_INFO = YES;
				ONLY_ACTIVE_ARCH = YES;
				SDKROOT = iphoneos;
				SWIFT_ACTIVE_COMPILATION_CONDITIONS = DEBUG;
				SWIFT_OPTIMIZATION_LEVEL = "-Onone";
				TARGETED_DEVICE_FAMILY = "1,2";
			};
			name = Debug;
		};
		B6201BEC1DCAD7CD000C3035 /* Release */ = {
			isa = XCBuildConfiguration;
			buildSettings = {
				ALWAYS_SEARCH_USER_PATHS = NO;
				CLANG_ANALYZER_NONNULL = YES;
				CLANG_CXX_LANGUAGE_STANDARD = "gnu++0x";
				CLANG_CXX_LIBRARY = "libc++";
				CLANG_ENABLE_MODULES = YES;
				CLANG_ENABLE_OBJC_ARC = YES;
				CLANG_WARN_BOOL_CONVERSION = YES;
				CLANG_WARN_CONSTANT_CONVERSION = YES;
				CLANG_WARN_DIRECT_OBJC_ISA_USAGE = YES_ERROR;
				CLANG_WARN_DOCUMENTATION_COMMENTS = YES;
				CLANG_WARN_EMPTY_BODY = YES;
				CLANG_WARN_ENUM_CONVERSION = YES;
				CLANG_WARN_INFINITE_RECURSION = YES;
				CLANG_WARN_INT_CONVERSION = YES;
				CLANG_WARN_OBJC_ROOT_CLASS = YES_ERROR;
				CLANG_WARN_SUSPICIOUS_MOVES = YES;
				CLANG_WARN_UNREACHABLE_CODE = YES;
				CLANG_WARN__DUPLICATE_METHOD_MATCH = YES;
				"CODE_SIGN_IDENTITY[sdk=iphoneos*]" = "iPhone Developer";
				COPY_PHASE_STRIP = NO;
				DEBUG_INFORMATION_FORMAT = "dwarf-with-dsym";
				ENABLE_NS_ASSERTIONS = NO;
				ENABLE_STRICT_OBJC_MSGSEND = YES;
				GCC_C_LANGUAGE_STANDARD = gnu99;
				GCC_NO_COMMON_BLOCKS = YES;
				GCC_WARN_64_TO_32_BIT_CONVERSION = YES;
				GCC_WARN_ABOUT_RETURN_TYPE = YES_ERROR;
				GCC_WARN_UNDECLARED_SELECTOR = YES;
				GCC_WARN_UNINITIALIZED_AUTOS = YES_AGGRESSIVE;
				GCC_WARN_UNUSED_FUNCTION = YES;
				GCC_WARN_UNUSED_VARIABLE = YES;
				IPHONEOS_DEPLOYMENT_TARGET = 10.1;
				MTL_ENABLE_DEBUG_INFO = NO;
				SDKROOT = iphoneos;
				SWIFT_OPTIMIZATION_LEVEL = "-Owholemodule";
				TARGETED_DEVICE_FAMILY = "1,2";
				VALIDATE_PRODUCT = YES;
			};
			name = Release;
		};
		B6201BEE1DCAD7CD000C3035 /* Debug */ = {
			isa = XCBuildConfiguration;
			buildSettings = {
				ASSETCATALOG_COMPILER_APPICON_NAME = AppIcon;
				INFOPLIST_FILE = TableSample/Info.plist;
				LD_RUNPATH_SEARCH_PATHS = "$(inherited) @executable_path/Frameworks";
				PRODUCT_BUNDLE_IDENTIFIER = Freeman.TableSample;
				PRODUCT_NAME = "$(TARGET_NAME)";
				SWIFT_VERSION = 3.0;
			};
			name = Debug;
		};
		B6201BEF1DCAD7CD000C3035 /* Release */ = {
			isa = XCBuildConfiguration;
			buildSettings = {
				ASSETCATALOG_COMPILER_APPICON_NAME = AppIcon;
				INFOPLIST_FILE = TableSample/Info.plist;
				LD_RUNPATH_SEARCH_PATHS = "$(inherited) @executable_path/Frameworks";
				PRODUCT_BUNDLE_IDENTIFIER = Freeman.TableSample;
				PRODUCT_NAME = "$(TARGET_NAME)";
				SWIFT_VERSION = 3.0;
			};
			name = Release;
		};
		B6201BF11DCAD7CD000C3035 /* Debug */ = {
			isa = XCBuildConfiguration;
			buildSettings = {
				ALWAYS_EMBED_SWIFT_STANDARD_LIBRARIES = YES;
				BUNDLE_LOADER = "$(TEST_HOST)";
				INFOPLIST_FILE = TableSampleTests/Info.plist;
				LD_RUNPATH_SEARCH_PATHS = "$(inherited) @executable_path/Frameworks @loader_path/Frameworks";
				PRODUCT_BUNDLE_IDENTIFIER = Freeman.TableSampleTests;
				PRODUCT_NAME = "$(TARGET_NAME)";
				SWIFT_VERSION = 3.0;
				TEST_HOST = "$(BUILT_PRODUCTS_DIR)/TableSample.app/TableSample";
			};
			name = Debug;
		};
		B6201BF21DCAD7CD000C3035 /* Release */ = {
			isa = XCBuildConfiguration;
			buildSettings = {
				ALWAYS_EMBED_SWIFT_STANDARD_LIBRARIES = YES;
				BUNDLE_LOADER = "$(TEST_HOST)";
				INFOPLIST_FILE = TableSampleTests/Info.plist;
				LD_RUNPATH_SEARCH_PATHS = "$(inherited) @executable_path/Frameworks @loader_path/Frameworks";
				PRODUCT_BUNDLE_IDENTIFIER = Freeman.TableSampleTests;
				PRODUCT_NAME = "$(TARGET_NAME)";
				SWIFT_VERSION = 3.0;
				TEST_HOST = "$(BUILT_PRODUCTS_DIR)/TableSample.app/TableSample";
			};
			name = Release;
		};
		B6201BF41DCAD7CD000C3035 /* Debug */ = {
			isa = XCBuildConfiguration;
			buildSettings = {
				ALWAYS_EMBED_SWIFT_STANDARD_LIBRARIES = YES;
				INFOPLIST_FILE = TableSampleUITests/Info.plist;
				LD_RUNPATH_SEARCH_PATHS = "$(inherited) @executable_path/Frameworks @loader_path/Frameworks";
				PRODUCT_BUNDLE_IDENTIFIER = Freeman.TableSampleUITests;
				PRODUCT_NAME = "$(TARGET_NAME)";
				SWIFT_VERSION = 3.0;
				TEST_TARGET_NAME = TableSample;
			};
			name = Debug;
		};
		B6201BF51DCAD7CD000C3035 /* Release */ = {
			isa = XCBuildConfiguration;
			buildSettings = {
				ALWAYS_EMBED_SWIFT_STANDARD_LIBRARIES = YES;
				INFOPLIST_FILE = TableSampleUITests/Info.plist;
				LD_RUNPATH_SEARCH_PATHS = "$(inherited) @executable_path/Frameworks @loader_path/Frameworks";
				PRODUCT_BUNDLE_IDENTIFIER = Freeman.TableSampleUITests;
				PRODUCT_NAME = "$(TARGET_NAME)";
				SWIFT_VERSION = 3.0;
				TEST_TARGET_NAME = TableSample;
			};
			name = Release;
		};
/* End XCBuildConfiguration section */

/* Begin XCConfigurationList section */
		B6201BC01DCAD7CC000C3035 /* Build configuration list for PBXProject "TableSample" */ = {
			isa = XCConfigurationList;
			buildConfigurations = (
				B6201BEB1DCAD7CD000C3035 /* Debug */,
				B6201BEC1DCAD7CD000C3035 /* Release */,
			);
			defaultConfigurationIsVisible = 0;
			defaultConfigurationName = Release;
		};
		B6201BED1DCAD7CD000C3035 /* Build configuration list for PBXNativeTarget "TableSample" */ = {
			isa = XCConfigurationList;
			buildConfigurations = (
				B6201BEE1DCAD7CD000C3035 /* Debug */,
				B6201BEF1DCAD7CD000C3035 /* Release */,
			);
			defaultConfigurationIsVisible = 0;
		};
		B6201BF01DCAD7CD000C3035 /* Build configuration list for PBXNativeTarget "TableSampleTests" */ = {
			isa = XCConfigurationList;
			buildConfigurations = (
				B6201BF11DCAD7CD000C3035 /* Debug */,
				B6201BF21DCAD7CD000C3035 /* Release */,
			);
			defaultConfigurationIsVisible = 0;
		};
		B6201BF31DCAD7CD000C3035 /* Build configuration list for PBXNativeTarget "TableSampleUITests" */ = {
			isa = XCConfigurationList;
			buildConfigurations = (
				B6201BF41DCAD7CD000C3035 /* Debug */,
				B6201BF51DCAD7CD000C3035 /* Release */,
			);
			defaultConfigurationIsVisible = 0;
		};
/* End XCConfigurationList section */
	};
	rootObject = B6201BBD1DCAD7CC000C3035 /* Project object */;
}
