// !$*UTF8*$!
{
	archiveVersion = 1;
	classes = {
	};
	objectVersion = 46;
	objects = {

/* Begin PBXBuildFile section */
		B6474BD91DDA9C9F00341768 /* AppDelegate.swift in Sources */ = {isa = PBXBuildFile; fileRef = B6474BD81DDA9C9F00341768 /* AppDelegate.swift */; };
		B6474BDE1DDA9C9F00341768 /* Main.storyboard in Resources */ = {isa = PBXBuildFile; fileRef = B6474BDC1DDA9C9F00341768 /* Main.storyboard */; };
		B6474BE01DDA9C9F00341768 /* Assets.xcassets in Resources */ = {isa = PBXBuildFile; fileRef = B6474BDF1DDA9C9F00341768 /* Assets.xcassets */; };
		B6474BE31DDA9C9F00341768 /* LaunchScreen.storyboard in Resources */ = {isa = PBXBuildFile; fileRef = B6474BE11DDA9C9F00341768 /* LaunchScreen.storyboard */; };
		B6474BEB1DDA9E5200341768 /* ProvinceController.swift in Sources */ = {isa = PBXBuildFile; fileRef = B6474BEA1DDA9E5200341768 /* ProvinceController.swift */; };
		B6474BED1DDA9E6400341768 /* CityController.swift in Sources */ = {isa = PBXBuildFile; fileRef = B6474BEC1DDA9E6400341768 /* CityController.swift */; };
		B6474BEF1DDA9E7A00341768 /* DetailController.swift in Sources */ = {isa = PBXBuildFile; fileRef = B6474BEE1DDA9E7A00341768 /* DetailController.swift */; };
		B6474BF11DDA9ED600341768 /* provinces_cities.plist in Resources */ = {isa = PBXBuildFile; fileRef = B6474BF01DDA9ED600341768 /* provinces_cities.plist */; };
/* End PBXBuildFile section */

/* Begin PBXFileReference section */
		B6474BD51DDA9C9F00341768 /* TreeNavificationSample.app */ = {isa = PBXFileReference; explicitFileType = wrapper.application; includeInIndex = 0; path = TreeNavificationSample.app; sourceTree = BUILT_PRODUCTS_DIR; };
		B6474BD81DDA9C9F00341768 /* AppDelegate.swift */ = {isa = PBXFileReference; lastKnownFileType = sourcecode.swift; path = AppDelegate.swift; sourceTree = "<group>"; };
		B6474BDD1DDA9C9F00341768 /* Base */ = {isa = PBXFileReference; lastKnownFileType = file.storyboard; name = Base; path = Base.lproj/Main.storyboard; sourceTree = "<group>"; };
		B6474BDF1DDA9C9F00341768 /* Assets.xcassets */ = {isa = PBXFileReference; lastKnownFileType = folder.assetcatalog; path = Assets.xcassets; sourceTree = "<group>"; };
		B6474BE21DDA9C9F00341768 /* Base */ = {isa = PBXFileReference; lastKnownFileType = file.storyboard; name = Base; path = Base.lproj/LaunchScreen.storyboard; sourceTree = "<group>"; };
		B6474BE41DDA9C9F00341768 /* Info.plist */ = {isa = PBXFileReference; lastKnownFileType = text.plist.xml; path = Info.plist; sourceTree = "<group>"; };
		B6474BEA1DDA9E5200341768 /* ProvinceController.swift */ = {isa = PBXFileReference; fileEncoding = 4; lastKnownFileType = sourcecode.swift; path = ProvinceController.swift; sourceTree = "<group>"; };
		B6474BEC1DDA9E6400341768 /* CityController.swift */ = {isa = PBXFileReference; fileEncoding = 4; lastKnownFileType = sourcecode.swift; path = CityController.swift; sourceTree = "<group>"; };
		B6474BEE1DDA9E7A00341768 /* DetailController.swift */ = {isa = PBXFileReference; fileEncoding = 4; lastKnownFileType = sourcecode.swift; path = DetailController.swift; sourceTree = "<group>"; };
		B6474BF01DDA9ED600341768 /* provinces_cities.plist */ = {isa = PBXFileReference; fileEncoding = 4; lastKnownFileType = text.plist.xml; name = provinces_cities.plist; path = ../provinces_cities.plist; sourceTree = "<group>"; };
/* End PBXFileReference section */

/* Begin PBXFrameworksBuildPhase section */
		B6474BD21DDA9C9F00341768 /* Frameworks */ = {
			isa = PBXFrameworksBuildPhase;
			buildActionMask = 2147483647;
			files = (
			);
			runOnlyForDeploymentPostprocessing = 0;
		};
/* End PBXFrameworksBuildPhase section */

/* Begin PBXGroup section */
		B6474BCC1DDA9C9F00341768 = {
			isa = PBXGroup;
			children = (
				B6474BD71DDA9C9F00341768 /* TreeNavificationSample */,
				B6474BD61DDA9C9F00341768 /* Products */,
			);
			sourceTree = "<group>";
		};
		B6474BD61DDA9C9F00341768 /* Products */ = {
			isa = PBXGroup;
			children = (
				B6474BD51DDA9C9F00341768 /* TreeNavificationSample.app */,
			);
			name = Products;
			sourceTree = "<group>";
		};
		B6474BD71DDA9C9F00341768 /* TreeNavificationSample */ = {
			isa = PBXGroup;
			children = (
				B6474BF01DDA9ED600341768 /* provinces_cities.plist */,
				B6474BD81DDA9C9F00341768 /* AppDelegate.swift */,
				B6474BEA1DDA9E5200341768 /* ProvinceController.swift */,
				B6474BEC1DDA9E6400341768 /* CityController.swift */,
				B6474BEE1DDA9E7A00341768 /* DetailController.swift */,
				B6474BDC1DDA9C9F00341768 /* Main.storyboard */,
				B6474BDF1DDA9C9F00341768 /* Assets.xcassets */,
				B6474BE11DDA9C9F00341768 /* LaunchScreen.storyboard */,
				B6474BE41DDA9C9F00341768 /* Info.plist */,
			);
			path = TreeNavificationSample;
			sourceTree = "<group>";
		};
/* End PBXGroup section */

/* Begin PBXNativeTarget section */
		B6474BD41DDA9C9F00341768 /* TreeNavificationSample */ = {
			isa = PBXNativeTarget;
			buildConfigurationList = B6474BE71DDA9C9F00341768 /* Build configuration list for PBXNativeTarget "TreeNavificationSample" */;
			buildPhases = (
				B6474BD11DDA9C9F00341768 /* Sources */,
				B6474BD21DDA9C9F00341768 /* Frameworks */,
				B6474BD31DDA9C9F00341768 /* Resources */,
			);
			buildRules = (
			);
			dependencies = (
			);
			name = TreeNavificationSample;
			productName = TreeNavificationSample;
			productReference = B6474BD51DDA9C9F00341768 /* TreeNavificationSample.app */;
			productType = "com.apple.product-type.application";
		};
/* End PBXNativeTarget section */

/* Begin PBXProject section */
		B6474BCD1DDA9C9F00341768 /* Project object */ = {
			isa = PBXProject;
			attributes = {
				LastSwiftUpdateCheck = 0810;
				LastUpgradeCheck = 0810;
				ORGANIZATIONNAME = Freeman;
				TargetAttributes = {
					B6474BD41DDA9C9F00341768 = {
						CreatedOnToolsVersion = 8.1;
						ProvisioningStyle = Automatic;
					};
				};
			};
			buildConfigurationList = B6474BD01DDA9C9F00341768 /* Build configuration list for PBXProject "TreeNavificationSample" */;
			compatibilityVersion = "Xcode 3.2";
			developmentRegion = English;
			hasScannedForEncodings = 0;
			knownRegions = (
				en,
				Base,
			);
			mainGroup = B6474BCC1DDA9C9F00341768;
			productRefGroup = B6474BD61DDA9C9F00341768 /* Products */;
			projectDirPath = "";
			projectRoot = "";
			targets = (
				B6474BD41DDA9C9F00341768 /* TreeNavificationSample */,
			);
		};
/* End PBXProject section */

/* Begin PBXResourcesBuildPhase section */
		B6474BD31DDA9C9F00341768 /* Resources */ = {
			isa = PBXResourcesBuildPhase;
			buildActionMask = 2147483647;
			files = (
				B6474BE31DDA9C9F00341768 /* LaunchScreen.storyboard in Resources */,
				B6474BF11DDA9ED600341768 /* provinces_cities.plist in Resources */,
				B6474BE01DDA9C9F00341768 /* Assets.xcassets in Resources */,
				B6474BDE1DDA9C9F00341768 /* Main.storyboard in Resources */,
			);
			runOnlyForDeploymentPostprocessing = 0;
		};
/* End PBXResourcesBuildPhase section */

/* Begin PBXSourcesBuildPhase section */
		B6474BD11DDA9C9F00341768 /* Sources */ = {
			isa = PBXSourcesBuildPhase;
			buildActionMask = 2147483647;
			files = (
				B6474BED1DDA9E6400341768 /* CityController.swift in Sources */,
				B6474BD91DDA9C9F00341768 /* AppDelegate.swift in Sources */,
				B6474BEF1DDA9E7A00341768 /* DetailController.swift in Sources */,
				B6474BEB1DDA9E5200341768 /* ProvinceController.swift in Sources */,
			);
			runOnlyForDeploymentPostprocessing = 0;
		};
/* End PBXSourcesBuildPhase section */

/* Begin PBXVariantGroup section */
		B6474BDC1DDA9C9F00341768 /* Main.storyboard */ = {
			isa = PBXVariantGroup;
			children = (
				B6474BDD1DDA9C9F00341768 /* Base */,
			);
			name = Main.storyboard;
			sourceTree = "<group>";
		};
		B6474BE11DDA9C9F00341768 /* LaunchScreen.storyboard */ = {
			isa = PBXVariantGroup;
			children = (
				B6474BE21DDA9C9F00341768 /* Base */,
			);
			name = LaunchScreen.storyboard;
			sourceTree = "<group>";
		};
/* End PBXVariantGroup section */

/* Begin XCBuildConfiguration section */
		B6474BE51DDA9C9F00341768 /* Debug */ = {
			isa = XCBuildConfiguration;
			buildSettings = {
				ALWAYS_SEARCH_USER_PATHS = NO;
				CLANG_ANALYZER_NONNULL = YES;
				CLANG_CXX_LANGUAGE_STANDARD = "gnu++0x";
				CLANG_CXX_LIBRARY = "libc++";
				CLANG_ENABLE_MODULES = YES;
				CLANG_ENABLE_OBJC_ARC = YES;
				CLANG_WARN_BOOL_CONVERSION = YES;
				CLANG_WARN_CONSTANT_CONVERSION = YES;
				CLANG_WARN_DIRECT_OBJC_ISA_USAGE = YES_ERROR;
				CLANG_WARN_DOCUMENTATION_COMMENTS = YES;
				CLANG_WARN_EMPTY_BODY = YES;
				CLANG_WARN_ENUM_CONVERSION = YES;
				CLANG_WARN_INFINITE_RECURSION = YES;
				CLANG_WARN_INT_CONVERSION = YES;
				CLANG_WARN_OBJC_ROOT_CLASS = YES_ERROR;
				CLANG_WARN_SUSPICIOUS_MOVES = YES;
				CLANG_WARN_UNREACHABLE_CODE = YES;
				CLANG_WARN__DUPLICATE_METHOD_MATCH = YES;
				"CODE_SIGN_IDENTITY[sdk=iphoneos*]" = "iPhone Developer";
				COPY_PHASE_STRIP = NO;
				DEBUG_INFORMATION_FORMAT = dwarf;
				ENABLE_STRICT_OBJC_MSGSEND = YES;
				ENABLE_TESTABILITY = YES;
				GCC_C_LANGUAGE_STANDARD = gnu99;
				GCC_DYNAMIC_NO_PIC = NO;
				GCC_NO_COMMON_BLOCKS = YES;
				GCC_OPTIMIZATION_LEVEL = 0;
				GCC_PREPROCESSOR_DEFINITIONS = (
					"DEBUG=1",
					"$(inherited)",
				);
				GCC_WARN_64_TO_32_BIT_CONVERSION = YES;
				GCC_WARN_ABOUT_RETURN_TYPE = YES_ERROR;
				GCC_WARN_UNDECLARED_SELECTOR = YES;
				GCC_WARN_UNINITIALIZED_AUTOS = YES_AGGRESSIVE;
				GCC_WARN_UNUSED_FUNCTION = YES;
				GCC_WARN_UNUSED_VARIABLE = YES;
				IPHONEOS_DEPLOYMENT_TARGET = 10.1;
				MTL_ENABLE_DEBUG_INFO = YES;
				ONLY_ACTIVE_ARCH = YES;
				SDKROOT = iphoneos;
				SWIFT_ACTIVE_COMPILATION_CONDITIONS = DEBUG;
				SWIFT_OPTIMIZATION_LEVEL = "-Onone";
				TARGETED_DEVICE_FAMILY = "1,2";
			};
			name = Debug;
		};
		B6474BE61DDA9C9F00341768 /* Release */ = {
			isa = XCBuildConfiguration;
			buildSettings = {
				ALWAYS_SEARCH_USER_PATHS = NO;
				CLANG_ANALYZER_NONNULL = YES;
				CLANG_CXX_LANGUAGE_STANDARD = "gnu++0x";
				CLANG_CXX_LIBRARY = "libc++";
				CLANG_ENABLE_MODULES = YES;
				CLANG_ENABLE_OBJC_ARC = YES;
				CLANG_WARN_BOOL_CONVERSION = YES;
				CLANG_WARN_CONSTANT_CONVERSION = YES;
				CLANG_WARN_DIRECT_OBJC_ISA_USAGE = YES_ERROR;
				CLANG_WARN_DOCUMENTATION_COMMENTS = YES;
				CLANG_WARN_EMPTY_BODY = YES;
				CLANG_WARN_ENUM_CONVERSION = YES;
				CLANG_WARN_INFINITE_RECURSION = YES;
				CLANG_WARN_INT_CONVERSION = YES;
				CLANG_WARN_OBJC_ROOT_CLASS = YES_ERROR;
				CLANG_WARN_SUSPICIOUS_MOVES = YES;
				CLANG_WARN_UNREACHABLE_CODE = YES;
				CLANG_WARN__DUPLICATE_METHOD_MATCH = YES;
				"CODE_SIGN_IDENTITY[sdk=iphoneos*]" = "iPhone Developer";
				COPY_PHASE_STRIP = NO;
				DEBUG_INFORMATION_FORMAT = "dwarf-with-dsym";
				ENABLE_NS_ASSERTIONS = NO;
				ENABLE_STRICT_OBJC_MSGSEND = YES;
				GCC_C_LANGUAGE_STANDARD = gnu99;
				GCC_NO_COMMON_BLOCKS = YES;
				GCC_WARN_64_TO_32_BIT_CONVERSION = YES;
				GCC_WARN_ABOUT_RETURN_TYPE = YES_ERROR;
				GCC_WARN_UNDECLARED_SELECTOR = YES;
				GCC_WARN_UNINITIALIZED_AUTOS = YES_AGGRESSIVE;
				GCC_WARN_UNUSED_FUNCTION = YES;
				GCC_WARN_UNUSED_VARIABLE = YES;
				IPHONEOS_DEPLOYMENT_TARGET = 10.1;
				MTL_ENABLE_DEBUG_INFO = NO;
				SDKROOT = iphoneos;
				SWIFT_OPTIMIZATION_LEVEL = "-Owholemodule";
				TARGETED_DEVICE_FAMILY = "1,2";
				VALIDATE_PRODUCT = YES;
			};
			name = Release;
		};
		B6474BE81DDA9C9F00341768 /* Debug */ = {
			isa = XCBuildConfiguration;
			buildSettings = {
				ASSETCATALOG_COMPILER_APPICON_NAME = AppIcon;
				INFOPLIST_FILE = TreeNavificationSample/Info.plist;
				LD_RUNPATH_SEARCH_PATHS = "$(inherited) @executable_path/Frameworks";
				PRODUCT_BUNDLE_IDENTIFIER = Freeman.TreeNavificationSample;
				PRODUCT_NAME = "$(TARGET_NAME)";
				SWIFT_VERSION = 3.0;
			};
			name = Debug;
		};
		B6474BE91DDA9C9F00341768 /* Release */ = {
			isa = XCBuildConfiguration;
			buildSettings = {
				ASSETCATALOG_COMPILER_APPICON_NAME = AppIcon;
				INFOPLIST_FILE = TreeNavificationSample/Info.plist;
				LD_RUNPATH_SEARCH_PATHS = "$(inherited) @executable_path/Frameworks";
				PRODUCT_BUNDLE_IDENTIFIER = Freeman.TreeNavificationSample;
				PRODUCT_NAME = "$(TARGET_NAME)";
				SWIFT_VERSION = 3.0;
			};
			name = Release;
		};
/* End XCBuildConfiguration section */

/* Begin XCConfigurationList section */
		B6474BD01DDA9C9F00341768 /* Build configuration list for PBXProject "TreeNavificationSample" */ = {
			isa = XCConfigurationList;
			buildConfigurations = (
				B6474BE51DDA9C9F00341768 /* Debug */,
				B6474BE61DDA9C9F00341768 /* Release */,
			);
			defaultConfigurationIsVisible = 0;
			defaultConfigurationName = Release;
		};
		B6474BE71DDA9C9F00341768 /* Build configuration list for PBXNativeTarget "TreeNavificationSample" */ = {
			isa = XCConfigurationList;
			buildConfigurations = (
				B6474BE81DDA9C9F00341768 /* Debug */,
				B6474BE91DDA9C9F00341768 /* Release */,
			);
			defaultConfigurationIsVisible = 0;
		};
/* End XCConfigurationList section */
	};
	rootObject = B6474BCD1DDA9C9F00341768 /* Project object */;
}
